// !$*UTF8*$!
{
	archiveVersion = 1;
	classes = {
	};
	objectVersion = 55;
	objects = {

/* Begin PBXBuildFile section */
		A13EC7A4277DFB570030E13F /* cpu.c in Sources */ = {isa = PBXBuildFile; fileRef = A13EC776277DFB570030E13F /* cpu.c */; };
		A13EC7A5277DFB570030E13F /* flow.c in Sources */ = {isa = PBXBuildFile; fileRef = A13EC777277DFB570030E13F /* flow.c */; };
		A13EC7A6277DFB570030E13F /* alu.c in Sources */ = {isa = PBXBuildFile; fileRef = A13EC778277DFB570030E13F /* alu.c */; };
		A13EC7A7277DFB570030E13F /* acme.m in Sources */ = {isa = PBXBuildFile; fileRef = A13EC77D277DFB570030E13F /* acme.m */; };
		A13EC7A8277DFB570030E13F /* typesystem.c in Sources */ = {isa = PBXBuildFile; fileRef = A13EC77E277DFB570030E13F /* typesystem.c */; };
		A13EC7AA277DFB570030E13F /* platform.c in Sources */ = {isa = PBXBuildFile; fileRef = A13EC787277DFB570030E13F /* platform.c */; };
		A13EC7AC277DFB570030E13F /* input.c in Sources */ = {isa = PBXBuildFile; fileRef = A13EC78A277DFB570030E13F /* input.c */; };
		A13EC7AD277DFB570030E13F /* pseudoopcodes.c in Sources */ = {isa = PBXBuildFile; fileRef = A13EC78D277DFB570030E13F /* pseudoopcodes.c */; };
		A13EC7AE277DFB570030E13F /* symbol.c in Sources */ = {isa = PBXBuildFile; fileRef = A13EC791277DFB570030E13F /* symbol.c */; };
		A13EC7AF277DFB570030E13F /* cliargs.c in Sources */ = {isa = PBXBuildFile; fileRef = A13EC792277DFB570030E13F /* cliargs.c */; };
		A13EC7B0277DFB570030E13F /* mnemo.c in Sources */ = {isa = PBXBuildFile; fileRef = A13EC794277DFB570030E13F /* mnemo.c */; };
		A13EC7B2277DFB570030E13F /* dynabuf.c in Sources */ = {isa = PBXBuildFile; fileRef = A13EC796277DFB570030E13F /* dynabuf.c */; };
		A13EC7B3277DFB570030E13F /* global.c in Sources */ = {isa = PBXBuildFile; fileRef = A13EC797277DFB570030E13F /* global.c */; };
		A13EC7B4277DFB570030E13F /* output.c in Sources */ = {isa = PBXBuildFile; fileRef = A13EC79B277DFB570030E13F /* output.c */; };
		A13EC7B5277DFB570030E13F /* section.c in Sources */ = {isa = PBXBuildFile; fileRef = A13EC79C277DFB570030E13F /* section.c */; };
		A13EC7B6277DFB570030E13F /* encoding.c in Sources */ = {isa = PBXBuildFile; fileRef = A13EC79D277DFB570030E13F /* encoding.c */; };
		A13EC7B7277DFB570030E13F /* tree.c in Sources */ = {isa = PBXBuildFile; fileRef = A13EC79E277DFB570030E13F /* tree.c */; };
		A13EC7B8277DFB570030E13F /* macro.c in Sources */ = {isa = PBXBuildFile; fileRef = A13EC79F277DFB570030E13F /* macro.c */; };
		A17B025727789B8C0037EA17 /* DiskCell.swift in Sources */ = {isa = PBXBuildFile; fileRef = A17B025527789B8C0037EA17 /* DiskCell.swift */; };
		A17B025827789B8C0037EA17 /* DiskItemCell.swift in Sources */ = {isa = PBXBuildFile; fileRef = A17B025627789B8C0037EA17 /* DiskItemCell.swift */; };
		A17B025927789BA40037EA17 /* liblibx64.a in Frameworks */ = {isa = PBXBuildFile; fileRef = A1C243F2277895F100B6AD60 /* liblibx64.a */; };
		A17B025B27789BE50037EA17 /* libc++.tbd in Frameworks */ = {isa = PBXBuildFile; fileRef = A17B025A27789BCA0037EA17 /* libc++.tbd */; };
		A1C2430C2778941A00B6AD60 /* AppDelegate.swift in Sources */ = {isa = PBXBuildFile; fileRef = A1C2430B2778941A00B6AD60 /* AppDelegate.swift */; };
		A1C2430E2778941A00B6AD60 /* SceneDelegate.swift in Sources */ = {isa = PBXBuildFile; fileRef = A1C2430D2778941A00B6AD60 /* SceneDelegate.swift */; };
		A1C243132778941A00B6AD60 /* Main.storyboard in Resources */ = {isa = PBXBuildFile; fileRef = A1C243112778941A00B6AD60 /* Main.storyboard */; };
		A1C243152778941B00B6AD60 /* Assets.xcassets in Resources */ = {isa = PBXBuildFile; fileRef = A1C243142778941B00B6AD60 /* Assets.xcassets */; };
		A1C243182778941B00B6AD60 /* LaunchScreen.storyboard in Resources */ = {isa = PBXBuildFile; fileRef = A1C243162778941B00B6AD60 /* LaunchScreen.storyboard */; };
		A1C243212778942800B6AD60 /* GCDWebServers in Frameworks */ = {isa = PBXBuildFile; productRef = A1C243202778942800B6AD60 /* GCDWebServers */; };
		A1C243242778943000B6AD60 /* FMDB in Frameworks */ = {isa = PBXBuildFile; productRef = A1C243232778943000B6AD60 /* FMDB */; };
		A1C243272778943800B6AD60 /* Sourceful in Frameworks */ = {isa = PBXBuildFile; productRef = A1C243262778943800B6AD60 /* Sourceful */; };
		A1C2439D277894FB00B6AD60 /* crt_shader.vsh in Resources */ = {isa = PBXBuildFile; fileRef = A1C2432A277894FA00B6AD60 /* crt_shader.vsh */; };
		A1C243CF277894FB00B6AD60 /* crt_shader.fsh in Resources */ = {isa = PBXBuildFile; fileRef = A1C24360277894FA00B6AD60 /* crt_shader.fsh */; };
		A1C243EB2778955900B6AD60 /* AudioToolbox.framework in Frameworks */ = {isa = PBXBuildFile; fileRef = A1C243EA2778955900B6AD60 /* AudioToolbox.framework */; };
		A1C2440A2778966500B6AD60 /* DiskContentsViewController.swift in Sources */ = {isa = PBXBuildFile; fileRef = A1C243FB2778962200B6AD60 /* DiskContentsViewController.swift */; };
		A1C2440B2778966500B6AD60 /* EmulatorBackgroundView.swift in Sources */ = {isa = PBXBuildFile; fileRef = A1C243FE2778962500B6AD60 /* EmulatorBackgroundView.swift */; };
		A1C2440C2778966500B6AD60 /* C64ModelSettingsViewController.swift in Sources */ = {isa = PBXBuildFile; fileRef = A1C243FC2778962300B6AD60 /* C64ModelSettingsViewController.swift */; };
		A1C2440D2778966500B6AD60 /* FireButtonView.swift in Sources */ = {isa = PBXBuildFile; fileRef = A1C243FF2778962500B6AD60 /* FireButtonView.swift */; };
		A1C2440E2778966500B6AD60 /* CodeEditorViewController.swift in Sources */ = {isa = PBXBuildFile; fileRef = A1C243FA2778962100B6AD60 /* CodeEditorViewController.swift */; };
		A1C2440F2778966500B6AD60 /* JoystickView.swift in Sources */ = {isa = PBXBuildFile; fileRef = A1C244002778962600B6AD60 /* JoystickView.swift */; };
		A1C244102778966500B6AD60 /* DiskImageViewController.swift in Sources */ = {isa = PBXBuildFile; fileRef = A1C243FD2778962400B6AD60 /* DiskImageViewController.swift */; };
		A1C244112778966500B6AD60 /* DiskViewController.swift in Sources */ = {isa = PBXBuildFile; fileRef = A1C243F72778961E00B6AD60 /* DiskViewController.swift */; };
		A1C244122778966500B6AD60 /* EmulatorSettingsViewController.swift in Sources */ = {isa = PBXBuildFile; fileRef = A1C243F82778961F00B6AD60 /* EmulatorSettingsViewController.swift */; };
		A1C244132778966500B6AD60 /* EmulatorViewController.swift in Sources */ = {isa = PBXBuildFile; fileRef = A1C243F92778962000B6AD60 /* EmulatorViewController.swift */; };
		A1C244142778966D00B6AD60 /* StringExtensions.swift in Sources */ = {isa = PBXBuildFile; fileRef = A1C244012778962900B6AD60 /* StringExtensions.swift */; };
		A1C244152778966D00B6AD60 /* WebServer.swift in Sources */ = {isa = PBXBuildFile; fileRef = A1C244082778962F00B6AD60 /* WebServer.swift */; };
		A1C244162778966D00B6AD60 /* DiskManager.swift in Sources */ = {isa = PBXBuildFile; fileRef = A1C244052778962C00B6AD60 /* DiskManager.swift */; };
		A1C244172778966D00B6AD60 /* DatabaseManager.swift in Sources */ = {isa = PBXBuildFile; fileRef = A1C244062778962D00B6AD60 /* DatabaseManager.swift */; };
		A1C244182778966D00B6AD60 /* diskimage.c in Sources */ = {isa = PBXBuildFile; fileRef = A1C244042778962B00B6AD60 /* diskimage.c */; };
		A1C244192778966D00B6AD60 /* D64Image.m in Sources */ = {isa = PBXBuildFile; fileRef = A1C244072778962E00B6AD60 /* D64Image.m */; };
		A1CD12802778A15A00CB95A9 /* FolderItemCell.swift in Sources */ = {isa = PBXBuildFile; fileRef = A1CD127F2778A15A00CB95A9 /* FolderItemCell.swift */; };
		A1CD12842778A16800CB95A9 /* FileItemCell.swift in Sources */ = {isa = PBXBuildFile; fileRef = A1CD12832778A16800CB95A9 /* FileItemCell.swift */; };
		A1CD128C2778C7B500CB95A9 /* ROM in Resources */ = {isa = PBXBuildFile; fileRef = A1CD128B2778C7B500CB95A9 /* ROM */; };
		A1CD1297277920A100CB95A9 /* CodeLogViewController.swift in Sources */ = {isa = PBXBuildFile; fileRef = A1CD1296277920A100CB95A9 /* CodeLogViewController.swift */; };
		A1CD129D277B290E00CB95A9 /* MonitorViewController.swift in Sources */ = {isa = PBXBuildFile; fileRef = A1CD129C277B290E00CB95A9 /* MonitorViewController.swift */; };
/* End PBXBuildFile section */

/* Begin PBXContainerItemProxy section */
		A1C243F1277895F100B6AD60 /* PBXContainerItemProxy */ = {
			isa = PBXContainerItemProxy;
			containerPortal = A1C24394277894FA00B6AD60 /* libx64.xcodeproj */;
			proxyType = 2;
			remoteGlobalIDString = 1F7B476015284DAD00B63B6D;
			remoteInfo = libx64;
		};
		A1C243F3277895F100B6AD60 /* PBXContainerItemProxy */ = {
			isa = PBXContainerItemProxy;
			containerPortal = A1C24394277894FA00B6AD60 /* libx64.xcodeproj */;
			proxyType = 2;
			remoteGlobalIDString = 1FCE7EE91BEAB62400BA374A;
			remoteInfo = "libx64 TV";
		};
		A1CD128D2778C82900CB95A9 /* PBXContainerItemProxy */ = {
			isa = PBXContainerItemProxy;
			containerPortal = A1C24394277894FA00B6AD60 /* libx64.xcodeproj */;
			proxyType = 1;
			remoteGlobalIDString = 1F7B475F15284DAD00B63B6D;
			remoteInfo = libx64;
		};
/* End PBXContainerItemProxy section */

/* Begin PBXFileReference section */
		A13EC76D277DFB570030E13F /* pseudoopcodes.h */ = {isa = PBXFileReference; fileEncoding = 4; lastKnownFileType = sourcecode.c.h; path = pseudoopcodes.h; sourceTree = "<group>"; };
		A13EC772277DFB570030E13F /* input.h */ = {isa = PBXFileReference; fileEncoding = 4; lastKnownFileType = sourcecode.c.h; path = input.h; sourceTree = "<group>"; };
		A13EC774277DFB570030E13F /* version.h */ = {isa = PBXFileReference; fileEncoding = 4; lastKnownFileType = sourcecode.c.h; path = version.h; sourceTree = "<group>"; };
		A13EC775277DFB570030E13F /* cliargs.h */ = {isa = PBXFileReference; fileEncoding = 4; lastKnownFileType = sourcecode.c.h; path = cliargs.h; sourceTree = "<group>"; };
		A13EC776277DFB570030E13F /* cpu.c */ = {isa = PBXFileReference; fileEncoding = 4; lastKnownFileType = sourcecode.c.c; path = cpu.c; sourceTree = "<group>"; };
		A13EC777277DFB570030E13F /* flow.c */ = {isa = PBXFileReference; fileEncoding = 4; lastKnownFileType = sourcecode.c.c; path = flow.c; sourceTree = "<group>"; };
		A13EC778277DFB570030E13F /* alu.c */ = {isa = PBXFileReference; fileEncoding = 4; lastKnownFileType = sourcecode.c.c; path = alu.c; sourceTree = "<group>"; };
		A13EC779277DFB570030E13F /* config.h */ = {isa = PBXFileReference; fileEncoding = 4; lastKnownFileType = sourcecode.c.h; path = config.h; sourceTree = "<group>"; };
		A13EC77B277DFB570030E13F /* symbol.h */ = {isa = PBXFileReference; fileEncoding = 4; lastKnownFileType = sourcecode.c.h; path = symbol.h; sourceTree = "<group>"; };
		A13EC77C277DFB570030E13F /* dynabuf.h */ = {isa = PBXFileReference; fileEncoding = 4; lastKnownFileType = sourcecode.c.h; path = dynabuf.h; sourceTree = "<group>"; };
		A13EC77D277DFB570030E13F /* acme.m */ = {isa = PBXFileReference; fileEncoding = 4; lastKnownFileType = sourcecode.c.objc; path = acme.m; sourceTree = "<group>"; };
		A13EC77E277DFB570030E13F /* typesystem.c */ = {isa = PBXFileReference; fileEncoding = 4; lastKnownFileType = sourcecode.c.c; path = typesystem.c; sourceTree = "<group>"; };
		A13EC77F277DFB570030E13F /* global.h */ = {isa = PBXFileReference; fileEncoding = 4; lastKnownFileType = sourcecode.c.h; path = global.h; sourceTree = "<group>"; };
		A13EC782277DFB570030E13F /* mnemo.h */ = {isa = PBXFileReference; fileEncoding = 4; lastKnownFileType = sourcecode.c.h; path = mnemo.h; sourceTree = "<group>"; };
		A13EC783277DFB570030E13F /* encoding.h */ = {isa = PBXFileReference; fileEncoding = 4; lastKnownFileType = sourcecode.c.h; path = encoding.h; sourceTree = "<group>"; };
		A13EC784277DFB570030E13F /* macro.h */ = {isa = PBXFileReference; fileEncoding = 4; lastKnownFileType = sourcecode.c.h; path = macro.h; sourceTree = "<group>"; };
		A13EC785277DFB570030E13F /* tree.h */ = {isa = PBXFileReference; fileEncoding = 4; lastKnownFileType = sourcecode.c.h; path = tree.h; sourceTree = "<group>"; };
		A13EC786277DFB570030E13F /* section.h */ = {isa = PBXFileReference; fileEncoding = 4; lastKnownFileType = sourcecode.c.h; path = section.h; sourceTree = "<group>"; };
		A13EC787277DFB570030E13F /* platform.c */ = {isa = PBXFileReference; fileEncoding = 4; lastKnownFileType = sourcecode.c.c; path = platform.c; sourceTree = "<group>"; };
		A13EC788277DFB570030E13F /* output.h */ = {isa = PBXFileReference; fileEncoding = 4; lastKnownFileType = sourcecode.c.h; path = output.h; sourceTree = "<group>"; };
		A13EC78A277DFB570030E13F /* input.c */ = {isa = PBXFileReference; fileEncoding = 4; lastKnownFileType = sourcecode.c.c; path = input.c; sourceTree = "<group>"; };
		A13EC78D277DFB570030E13F /* pseudoopcodes.c */ = {isa = PBXFileReference; fileEncoding = 4; lastKnownFileType = sourcecode.c.c; path = pseudoopcodes.c; sourceTree = "<group>"; };
		A13EC78E277DFB570030E13F /* flow.h */ = {isa = PBXFileReference; fileEncoding = 4; lastKnownFileType = sourcecode.c.h; path = flow.h; sourceTree = "<group>"; };
		A13EC78F277DFB570030E13F /* alu.h */ = {isa = PBXFileReference; fileEncoding = 4; lastKnownFileType = sourcecode.c.h; path = alu.h; sourceTree = "<group>"; };
		A13EC790277DFB570030E13F /* cpu.h */ = {isa = PBXFileReference; fileEncoding = 4; lastKnownFileType = sourcecode.c.h; path = cpu.h; sourceTree = "<group>"; };
		A13EC791277DFB570030E13F /* symbol.c */ = {isa = PBXFileReference; fileEncoding = 4; lastKnownFileType = sourcecode.c.c; path = symbol.c; sourceTree = "<group>"; };
		A13EC792277DFB570030E13F /* cliargs.c */ = {isa = PBXFileReference; fileEncoding = 4; lastKnownFileType = sourcecode.c.c; path = cliargs.c; sourceTree = "<group>"; };
		A13EC793277DFB570030E13F /* acme_log.h */ = {isa = PBXFileReference; fileEncoding = 4; lastKnownFileType = sourcecode.c.h; path = acme_log.h; sourceTree = "<group>"; };
		A13EC794277DFB570030E13F /* mnemo.c */ = {isa = PBXFileReference; fileEncoding = 4; lastKnownFileType = sourcecode.c.c; path = mnemo.c; sourceTree = "<group>"; };
		A13EC796277DFB570030E13F /* dynabuf.c */ = {isa = PBXFileReference; fileEncoding = 4; lastKnownFileType = sourcecode.c.c; path = dynabuf.c; sourceTree = "<group>"; };
		A13EC797277DFB570030E13F /* global.c */ = {isa = PBXFileReference; fileEncoding = 4; lastKnownFileType = sourcecode.c.c; path = global.c; sourceTree = "<group>"; };
		A13EC798277DFB570030E13F /* acme.h */ = {isa = PBXFileReference; fileEncoding = 4; lastKnownFileType = sourcecode.c.h; path = acme.h; sourceTree = "<group>"; };
		A13EC799277DFB570030E13F /* typesystem.h */ = {isa = PBXFileReference; fileEncoding = 4; lastKnownFileType = sourcecode.c.h; path = typesystem.h; sourceTree = "<group>"; };
		A13EC79A277DFB570030E13F /* platform.h */ = {isa = PBXFileReference; fileEncoding = 4; lastKnownFileType = sourcecode.c.h; path = platform.h; sourceTree = "<group>"; };
		A13EC79B277DFB570030E13F /* output.c */ = {isa = PBXFileReference; fileEncoding = 4; lastKnownFileType = sourcecode.c.c; path = output.c; sourceTree = "<group>"; };
		A13EC79C277DFB570030E13F /* section.c */ = {isa = PBXFileReference; fileEncoding = 4; lastKnownFileType = sourcecode.c.c; path = section.c; sourceTree = "<group>"; };
		A13EC79D277DFB570030E13F /* encoding.c */ = {isa = PBXFileReference; fileEncoding = 4; lastKnownFileType = sourcecode.c.c; path = encoding.c; sourceTree = "<group>"; };
		A13EC79E277DFB570030E13F /* tree.c */ = {isa = PBXFileReference; fileEncoding = 4; lastKnownFileType = sourcecode.c.c; path = tree.c; sourceTree = "<group>"; };
		A13EC79F277DFB570030E13F /* macro.c */ = {isa = PBXFileReference; fileEncoding = 4; lastKnownFileType = sourcecode.c.c; path = macro.c; sourceTree = "<group>"; };
		A17B025527789B8C0037EA17 /* DiskCell.swift */ = {isa = PBXFileReference; fileEncoding = 4; lastKnownFileType = sourcecode.swift; path = DiskCell.swift; sourceTree = "<group>"; };
		A17B025627789B8C0037EA17 /* DiskItemCell.swift */ = {isa = PBXFileReference; fileEncoding = 4; lastKnownFileType = sourcecode.swift; path = DiskItemCell.swift; sourceTree = "<group>"; };
		A17B025A27789BCA0037EA17 /* libc++.tbd */ = {isa = PBXFileReference; lastKnownFileType = "sourcecode.text-based-dylib-definition"; name = "libc++.tbd"; path = "usr/lib/libc++.tbd"; sourceTree = SDKROOT; };
		A1C243082778941A00B6AD60 /* C64Emulator.app */ = {isa = PBXFileReference; explicitFileType = wrapper.application; includeInIndex = 0; path = C64Emulator.app; sourceTree = BUILT_PRODUCTS_DIR; };
		A1C2430B2778941A00B6AD60 /* AppDelegate.swift */ = {isa = PBXFileReference; lastKnownFileType = sourcecode.swift; path = AppDelegate.swift; sourceTree = "<group>"; };
		A1C2430D2778941A00B6AD60 /* SceneDelegate.swift */ = {isa = PBXFileReference; lastKnownFileType = sourcecode.swift; path = SceneDelegate.swift; sourceTree = "<group>"; };
		A1C243122778941A00B6AD60 /* Base */ = {isa = PBXFileReference; lastKnownFileType = file.storyboard; name = Base; path = Base.lproj/Main.storyboard; sourceTree = "<group>"; };
		A1C243142778941B00B6AD60 /* Assets.xcassets */ = {isa = PBXFileReference; lastKnownFileType = folder.assetcatalog; path = Assets.xcassets; sourceTree = "<group>"; };
		A1C243172778941B00B6AD60 /* Base */ = {isa = PBXFileReference; lastKnownFileType = file.storyboard; name = Base; path = Base.lproj/LaunchScreen.storyboard; sourceTree = "<group>"; };
		A1C243192778941B00B6AD60 /* Info.plist */ = {isa = PBXFileReference; lastKnownFileType = text.plist.xml; path = Info.plist; sourceTree = "<group>"; };
		A1C2432A277894FA00B6AD60 /* crt_shader.vsh */ = {isa = PBXFileReference; fileEncoding = 4; lastKnownFileType = sourcecode.glsl; path = crt_shader.vsh; sourceTree = "<group>"; };
		A1C24360277894FA00B6AD60 /* crt_shader.fsh */ = {isa = PBXFileReference; fileEncoding = 4; lastKnownFileType = sourcecode.glsl; path = crt_shader.fsh; sourceTree = "<group>"; };
		A1C24394277894FA00B6AD60 /* libx64.xcodeproj */ = {isa = PBXFileReference; lastKnownFileType = "wrapper.pb-project"; name = libx64.xcodeproj; path = C64Emulator/libx64.xcodeproj; sourceTree = "<group>"; };
		A1C243EA2778955900B6AD60 /* AudioToolbox.framework */ = {isa = PBXFileReference; lastKnownFileType = wrapper.framework; name = AudioToolbox.framework; path = System/Library/Frameworks/AudioToolbox.framework; sourceTree = SDKROOT; };
		A1C243F72778961E00B6AD60 /* DiskViewController.swift */ = {isa = PBXFileReference; lastKnownFileType = sourcecode.swift; path = DiskViewController.swift; sourceTree = "<group>"; };
		A1C243F82778961F00B6AD60 /* EmulatorSettingsViewController.swift */ = {isa = PBXFileReference; lastKnownFileType = sourcecode.swift; path = EmulatorSettingsViewController.swift; sourceTree = "<group>"; };
		A1C243F92778962000B6AD60 /* EmulatorViewController.swift */ = {isa = PBXFileReference; lastKnownFileType = sourcecode.swift; path = EmulatorViewController.swift; sourceTree = "<group>"; };
		A1C243FA2778962100B6AD60 /* CodeEditorViewController.swift */ = {isa = PBXFileReference; lastKnownFileType = sourcecode.swift; path = CodeEditorViewController.swift; sourceTree = "<group>"; };
		A1C243FB2778962200B6AD60 /* DiskContentsViewController.swift */ = {isa = PBXFileReference; lastKnownFileType = sourcecode.swift; path = DiskContentsViewController.swift; sourceTree = "<group>"; };
		A1C243FC2778962300B6AD60 /* C64ModelSettingsViewController.swift */ = {isa = PBXFileReference; lastKnownFileType = sourcecode.swift; path = C64ModelSettingsViewController.swift; sourceTree = "<group>"; };
		A1C243FD2778962400B6AD60 /* DiskImageViewController.swift */ = {isa = PBXFileReference; lastKnownFileType = sourcecode.swift; path = DiskImageViewController.swift; sourceTree = "<group>"; };
		A1C243FE2778962500B6AD60 /* EmulatorBackgroundView.swift */ = {isa = PBXFileReference; lastKnownFileType = sourcecode.swift; path = EmulatorBackgroundView.swift; sourceTree = "<group>"; };
		A1C243FF2778962500B6AD60 /* FireButtonView.swift */ = {isa = PBXFileReference; lastKnownFileType = sourcecode.swift; path = FireButtonView.swift; sourceTree = "<group>"; };
		A1C244002778962600B6AD60 /* JoystickView.swift */ = {isa = PBXFileReference; lastKnownFileType = sourcecode.swift; path = JoystickView.swift; sourceTree = "<group>"; };
		A1C244012778962900B6AD60 /* StringExtensions.swift */ = {isa = PBXFileReference; lastKnownFileType = sourcecode.swift; path = StringExtensions.swift; sourceTree = "<group>"; };
		A1C244022778962A00B6AD60 /* diskimage.h */ = {isa = PBXFileReference; lastKnownFileType = sourcecode.c.h; path = diskimage.h; sourceTree = "<group>"; };
		A1C244032778962B00B6AD60 /* D64Image.h */ = {isa = PBXFileReference; lastKnownFileType = sourcecode.c.h; path = D64Image.h; sourceTree = "<group>"; };
		A1C244042778962B00B6AD60 /* diskimage.c */ = {isa = PBXFileReference; lastKnownFileType = sourcecode.c.c; path = diskimage.c; sourceTree = "<group>"; };
		A1C244052778962C00B6AD60 /* DiskManager.swift */ = {isa = PBXFileReference; lastKnownFileType = sourcecode.swift; path = DiskManager.swift; sourceTree = "<group>"; };
		A1C244062778962D00B6AD60 /* DatabaseManager.swift */ = {isa = PBXFileReference; lastKnownFileType = sourcecode.swift; path = DatabaseManager.swift; sourceTree = "<group>"; };
		A1C244072778962E00B6AD60 /* D64Image.m */ = {isa = PBXFileReference; lastKnownFileType = sourcecode.c.objc; path = D64Image.m; sourceTree = "<group>"; };
		A1C244082778962F00B6AD60 /* WebServer.swift */ = {isa = PBXFileReference; lastKnownFileType = sourcecode.swift; path = WebServer.swift; sourceTree = "<group>"; };
		A1C244092778963F00B6AD60 /* C64Emulator-Bridging-Header.h */ = {isa = PBXFileReference; lastKnownFileType = sourcecode.c.h; path = "C64Emulator-Bridging-Header.h"; sourceTree = "<group>"; };
		A1CD127F2778A15A00CB95A9 /* FolderItemCell.swift */ = {isa = PBXFileReference; lastKnownFileType = sourcecode.swift; path = FolderItemCell.swift; sourceTree = "<group>"; };
		A1CD12832778A16800CB95A9 /* FileItemCell.swift */ = {isa = PBXFileReference; lastKnownFileType = sourcecode.swift; path = FileItemCell.swift; sourceTree = "<group>"; };
		A1CD128B2778C7B500CB95A9 /* ROM */ = {isa = PBXFileReference; lastKnownFileType = folder; path = ROM; sourceTree = "<group>"; };
		A1CD1296277920A100CB95A9 /* CodeLogViewController.swift */ = {isa = PBXFileReference; lastKnownFileType = sourcecode.swift; path = CodeLogViewController.swift; sourceTree = "<group>"; };
		A1CD129C277B290E00CB95A9 /* MonitorViewController.swift */ = {isa = PBXFileReference; lastKnownFileType = sourcecode.swift; path = MonitorViewController.swift; sourceTree = "<group>"; };
/* End PBXFileReference section */

/* Begin PBXFrameworksBuildPhase section */
		A1C243052778941A00B6AD60 /* Frameworks */ = {
			isa = PBXFrameworksBuildPhase;
			buildActionMask = 2147483647;
			files = (
				A17B025B27789BE50037EA17 /* libc++.tbd in Frameworks */,
				A17B025927789BA40037EA17 /* liblibx64.a in Frameworks */,
				A1C243212778942800B6AD60 /* GCDWebServers in Frameworks */,
				A1C243242778943000B6AD60 /* FMDB in Frameworks */,
				A1C243272778943800B6AD60 /* Sourceful in Frameworks */,
				A1C243EB2778955900B6AD60 /* AudioToolbox.framework in Frameworks */,
			);
			runOnlyForDeploymentPostprocessing = 0;
		};
/* End PBXFrameworksBuildPhase section */

/* Begin PBXGroup section */
		A13EC76C277DFB570030E13F /* src */ = {
			isa = PBXGroup;
			children = (
				A13EC76D277DFB570030E13F /* pseudoopcodes.h */,
				A13EC772277DFB570030E13F /* input.h */,
				A13EC774277DFB570030E13F /* version.h */,
				A13EC775277DFB570030E13F /* cliargs.h */,
				A13EC776277DFB570030E13F /* cpu.c */,
				A13EC777277DFB570030E13F /* flow.c */,
				A13EC778277DFB570030E13F /* alu.c */,
				A13EC779277DFB570030E13F /* config.h */,
				A13EC77B277DFB570030E13F /* symbol.h */,
				A13EC77C277DFB570030E13F /* dynabuf.h */,
				A13EC77D277DFB570030E13F /* acme.m */,
				A13EC77E277DFB570030E13F /* typesystem.c */,
				A13EC77F277DFB570030E13F /* global.h */,
				A13EC782277DFB570030E13F /* mnemo.h */,
				A13EC783277DFB570030E13F /* encoding.h */,
				A13EC784277DFB570030E13F /* macro.h */,
				A13EC785277DFB570030E13F /* tree.h */,
				A13EC786277DFB570030E13F /* section.h */,
				A13EC787277DFB570030E13F /* platform.c */,
				A13EC788277DFB570030E13F /* output.h */,
				A13EC78A277DFB570030E13F /* input.c */,
				A13EC78D277DFB570030E13F /* pseudoopcodes.c */,
				A13EC78E277DFB570030E13F /* flow.h */,
				A13EC78F277DFB570030E13F /* alu.h */,
				A13EC790277DFB570030E13F /* cpu.h */,
				A13EC791277DFB570030E13F /* symbol.c */,
				A13EC792277DFB570030E13F /* cliargs.c */,
				A13EC793277DFB570030E13F /* acme_log.h */,
				A13EC794277DFB570030E13F /* mnemo.c */,
				A13EC796277DFB570030E13F /* dynabuf.c */,
				A13EC797277DFB570030E13F /* global.c */,
				A13EC798277DFB570030E13F /* acme.h */,
				A13EC799277DFB570030E13F /* typesystem.h */,
				A13EC79A277DFB570030E13F /* platform.h */,
				A13EC79B277DFB570030E13F /* output.c */,
				A13EC79C277DFB570030E13F /* section.c */,
				A13EC79D277DFB570030E13F /* encoding.c */,
				A13EC79E277DFB570030E13F /* tree.c */,
				A13EC79F277DFB570030E13F /* macro.c */,
			);
			path = src;
			sourceTree = "<group>";
		};
		A17B025427789B740037EA17 /* Cells */ = {
			isa = PBXGroup;
			children = (
				A17B025527789B8C0037EA17 /* DiskCell.swift */,
				A17B025627789B8C0037EA17 /* DiskItemCell.swift */,
				A1CD12832778A16800CB95A9 /* FileItemCell.swift */,
				A1CD127F2778A15A00CB95A9 /* FolderItemCell.swift */,
			);
			path = Cells;
			sourceTree = "<group>";
		};
		A1C242FF2778941A00B6AD60 = {
			isa = PBXGroup;
			children = (
				A1C2430A2778941A00B6AD60 /* C64Emulator */,
				A1C24394277894FA00B6AD60 /* libx64.xcodeproj */,
				A1C24329277894FA00B6AD60 /* Resources */,
				A1C243092778941A00B6AD60 /* Products */,
				A1C243E92778955900B6AD60 /* Frameworks */,
			);
			sourceTree = "<group>";
		};
		A1C243092778941A00B6AD60 /* Products */ = {
			isa = PBXGroup;
			children = (
				A1C243082778941A00B6AD60 /* C64Emulator.app */,
			);
			name = Products;
			sourceTree = "<group>";
		};
		A1C2430A2778941A00B6AD60 /* C64Emulator */ = {
			isa = PBXGroup;
			children = (
				A1C24361277894FA00B6AD60 /* ACME */,
				A17B025427789B740037EA17 /* Cells */,
				A1C243F62778960B00B6AD60 /* Utils */,
				A1C243F5277895FC00B6AD60 /* Views */,
				A1C2430B2778941A00B6AD60 /* AppDelegate.swift */,
				A1C2430D2778941A00B6AD60 /* SceneDelegate.swift */,
				A1C244092778963F00B6AD60 /* C64Emulator-Bridging-Header.h */,
				A1C243112778941A00B6AD60 /* Main.storyboard */,
				A1C243142778941B00B6AD60 /* Assets.xcassets */,
				A1C243162778941B00B6AD60 /* LaunchScreen.storyboard */,
				A1C243192778941B00B6AD60 /* Info.plist */,
			);
			path = C64Emulator;
			sourceTree = "<group>";
		};
		A1C24329277894FA00B6AD60 /* Resources */ = {
			isa = PBXGroup;
			children = (
				A1CD128B2778C7B500CB95A9 /* ROM */,
				A1C2432A277894FA00B6AD60 /* crt_shader.vsh */,
				A1C24360277894FA00B6AD60 /* crt_shader.fsh */,
			);
			name = Resources;
			path = C64Emulator/Resources;
			sourceTree = "<group>";
		};
		A1C24361277894FA00B6AD60 /* ACME */ = {
			isa = PBXGroup;
			children = (
				A13EC76C277DFB570030E13F /* src */,
			);
			path = ACME;
			sourceTree = "<group>";
		};
		A1C243E92778955900B6AD60 /* Frameworks */ = {
			isa = PBXGroup;
			children = (
				A17B025A27789BCA0037EA17 /* libc++.tbd */,
				A1C243EA2778955900B6AD60 /* AudioToolbox.framework */,
			);
			name = Frameworks;
			sourceTree = "<group>";
		};
		A1C243ED277895F100B6AD60 /* Products */ = {
			isa = PBXGroup;
			children = (
				A1C243F2277895F100B6AD60 /* liblibx64.a */,
				A1C243F4277895F100B6AD60 /* liblibx64 TV.a */,
			);
			name = Products;
			sourceTree = "<group>";
		};
		A1C243F5277895FC00B6AD60 /* Views */ = {
			isa = PBXGroup;
			children = (
				A1C243FC2778962300B6AD60 /* C64ModelSettingsViewController.swift */,
				A1C243FA2778962100B6AD60 /* CodeEditorViewController.swift */,
				A1CD129C277B290E00CB95A9 /* MonitorViewController.swift */,
				A1CD1296277920A100CB95A9 /* CodeLogViewController.swift */,
				A1C243FB2778962200B6AD60 /* DiskContentsViewController.swift */,
				A1C243FD2778962400B6AD60 /* DiskImageViewController.swift */,
				A1C243F72778961E00B6AD60 /* DiskViewController.swift */,
				A1C243FE2778962500B6AD60 /* EmulatorBackgroundView.swift */,
				A1C243F82778961F00B6AD60 /* EmulatorSettingsViewController.swift */,
				A1C243F92778962000B6AD60 /* EmulatorViewController.swift */,
				A1C243FF2778962500B6AD60 /* FireButtonView.swift */,
				A1C244002778962600B6AD60 /* JoystickView.swift */,
			);
			path = Views;
			sourceTree = "<group>";
		};
		A1C243F62778960B00B6AD60 /* Utils */ = {
			isa = PBXGroup;
			children = (
				A1C244032778962B00B6AD60 /* D64Image.h */,
				A1C244072778962E00B6AD60 /* D64Image.m */,
				A1C244062778962D00B6AD60 /* DatabaseManager.swift */,
				A1C244042778962B00B6AD60 /* diskimage.c */,
				A1C244022778962A00B6AD60 /* diskimage.h */,
				A1C244052778962C00B6AD60 /* DiskManager.swift */,
				A1C244012778962900B6AD60 /* StringExtensions.swift */,
				A1C244082778962F00B6AD60 /* WebServer.swift */,
			);
			path = Utils;
			sourceTree = "<group>";
		};
/* End PBXGroup section */

/* Begin PBXNativeTarget section */
		A1C243072778941A00B6AD60 /* C64Emulator */ = {
			isa = PBXNativeTarget;
			buildConfigurationList = A1C2431C2778941B00B6AD60 /* Build configuration list for PBXNativeTarget "C64Emulator" */;
			buildPhases = (
				A1C243042778941A00B6AD60 /* Sources */,
				A1C243052778941A00B6AD60 /* Frameworks */,
				A1C243062778941A00B6AD60 /* Resources */,
			);
			buildRules = (
			);
			dependencies = (
				A1CD128E2778C82900CB95A9 /* PBXTargetDependency */,
			);
			name = C64Emulator;
			packageProductDependencies = (
				A1C243202778942800B6AD60 /* GCDWebServers */,
				A1C243232778943000B6AD60 /* FMDB */,
				A1C243262778943800B6AD60 /* Sourceful */,
			);
			productName = C64Emulator;
			productReference = A1C243082778941A00B6AD60 /* C64Emulator.app */;
			productType = "com.apple.product-type.application";
		};
/* End PBXNativeTarget section */

/* Begin PBXProject section */
		A1C243002778941A00B6AD60 /* Project object */ = {
			isa = PBXProject;
			attributes = {
				BuildIndependentTargetsInParallel = 1;
				LastSwiftUpdateCheck = 1320;
				LastUpgradeCheck = 1320;
				TargetAttributes = {
					A1C243072778941A00B6AD60 = {
						CreatedOnToolsVersion = 13.2.1;
					};
				};
			};
			buildConfigurationList = A1C243032778941A00B6AD60 /* Build configuration list for PBXProject "C64Emulator" */;
			compatibilityVersion = "Xcode 13.0";
			developmentRegion = en;
			hasScannedForEncodings = 0;
			knownRegions = (
				en,
				Base,
				English,
			);
			mainGroup = A1C242FF2778941A00B6AD60;
			packageReferences = (
				A1C2431F2778942800B6AD60 /* XCRemoteSwiftPackageReference "GCDWebServer" */,
				A1C243222778943000B6AD60 /* XCRemoteSwiftPackageReference "fmdb" */,
				A1C243252778943800B6AD60 /* XCRemoteSwiftPackageReference "Sourceful" */,
			);
			productRefGroup = A1C243092778941A00B6AD60 /* Products */;
			projectDirPath = "";
			projectReferences = (
				{
					ProductGroup = A1C243ED277895F100B6AD60 /* Products */;
					ProjectRef = A1C24394277894FA00B6AD60 /* libx64.xcodeproj */;
				},
			);
			projectRoot = "";
			targets = (
				A1C243072778941A00B6AD60 /* C64Emulator */,
			);
		};
/* End PBXProject section */

/* Begin PBXReferenceProxy section */
		A1C243F2277895F100B6AD60 /* liblibx64.a */ = {
			isa = PBXReferenceProxy;
			fileType = archive.ar;
			path = liblibx64.a;
			remoteRef = A1C243F1277895F100B6AD60 /* PBXContainerItemProxy */;
			sourceTree = BUILT_PRODUCTS_DIR;
		};
		A1C243F4277895F100B6AD60 /* liblibx64 TV.a */ = {
			isa = PBXReferenceProxy;
			fileType = archive.ar;
			path = "liblibx64 TV.a";
			remoteRef = A1C243F3277895F100B6AD60 /* PBXContainerItemProxy */;
			sourceTree = BUILT_PRODUCTS_DIR;
		};
/* End PBXReferenceProxy section */

/* Begin PBXResourcesBuildPhase section */
		A1C243062778941A00B6AD60 /* Resources */ = {
			isa = PBXResourcesBuildPhase;
			buildActionMask = 2147483647;
			files = (
				A1CD128C2778C7B500CB95A9 /* ROM in Resources */,
				A1C243CF277894FB00B6AD60 /* crt_shader.fsh in Resources */,
				A1C2439D277894FB00B6AD60 /* crt_shader.vsh in Resources */,
				A1C243182778941B00B6AD60 /* LaunchScreen.storyboard in Resources */,
				A1C243152778941B00B6AD60 /* Assets.xcassets in Resources */,
				A1C243132778941A00B6AD60 /* Main.storyboard in Resources */,
			);
			runOnlyForDeploymentPostprocessing = 0;
		};
/* End PBXResourcesBuildPhase section */

/* Begin PBXSourcesBuildPhase section */
		A1C243042778941A00B6AD60 /* Sources */ = {
			isa = PBXSourcesBuildPhase;
			buildActionMask = 2147483647;
			files = (
				A1C244112778966500B6AD60 /* DiskViewController.swift in Sources */,
				A1CD12802778A15A00CB95A9 /* FolderItemCell.swift in Sources */,
				A13EC7A5277DFB570030E13F /* flow.c in Sources */,
				A1C244122778966500B6AD60 /* EmulatorSettingsViewController.swift in Sources */,
				A13EC7B5277DFB570030E13F /* section.c in Sources */,
				A1C244132778966500B6AD60 /* EmulatorViewController.swift in Sources */,
				A1C244102778966500B6AD60 /* DiskImageViewController.swift in Sources */,
				A1C2440C2778966500B6AD60 /* C64ModelSettingsViewController.swift in Sources */,
				A1C244162778966D00B6AD60 /* DiskManager.swift in Sources */,
				A13EC7B3277DFB570030E13F /* global.c in Sources */,
				A1C2440B2778966500B6AD60 /* EmulatorBackgroundView.swift in Sources */,
				A17B025727789B8C0037EA17 /* DiskCell.swift in Sources */,
				A1C2440D2778966500B6AD60 /* FireButtonView.swift in Sources */,
				A13EC7B7277DFB570030E13F /* tree.c in Sources */,
				A13EC7AE277DFB570030E13F /* symbol.c in Sources */,
				A1C244192778966D00B6AD60 /* D64Image.m in Sources */,
				A1C2440A2778966500B6AD60 /* DiskContentsViewController.swift in Sources */,
				A13EC7B4277DFB570030E13F /* output.c in Sources */,
				A13EC7AF277DFB570030E13F /* cliargs.c in Sources */,
				A13EC7A6277DFB570030E13F /* alu.c in Sources */,
				A1CD1297277920A100CB95A9 /* CodeLogViewController.swift in Sources */,
				A17B025827789B8C0037EA17 /* DiskItemCell.swift in Sources */,
				A1C244142778966D00B6AD60 /* StringExtensions.swift in Sources */,
				A1CD12842778A16800CB95A9 /* FileItemCell.swift in Sources */,
				A1C2440E2778966500B6AD60 /* CodeEditorViewController.swift in Sources */,
				A13EC7B8277DFB570030E13F /* macro.c in Sources */,
				A1C244172778966D00B6AD60 /* DatabaseManager.swift in Sources */,
				A1C2430C2778941A00B6AD60 /* AppDelegate.swift in Sources */,
				A13EC7AA277DFB570030E13F /* platform.c in Sources */,
				A13EC7A7277DFB570030E13F /* acme.m in Sources */,
				A13EC7B0277DFB570030E13F /* mnemo.c in Sources */,
				A1C244182778966D00B6AD60 /* diskimage.c in Sources */,
				A13EC7B2277DFB570030E13F /* dynabuf.c in Sources */,
				A13EC7A8277DFB570030E13F /* typesystem.c in Sources */,
				A1C2430E2778941A00B6AD60 /* SceneDelegate.swift in Sources */,
				A1CD129D277B290E00CB95A9 /* MonitorViewController.swift in Sources */,
				A13EC7AD277DFB570030E13F /* pseudoopcodes.c in Sources */,
				A13EC7AC277DFB570030E13F /* input.c in Sources */,
				A13EC7B6277DFB570030E13F /* encoding.c in Sources */,
				A13EC7A4277DFB570030E13F /* cpu.c in Sources */,
				A1C2440F2778966500B6AD60 /* JoystickView.swift in Sources */,
				A1C244152778966D00B6AD60 /* WebServer.swift in Sources */,
			);
			runOnlyForDeploymentPostprocessing = 0;
		};
/* End PBXSourcesBuildPhase section */

/* Begin PBXTargetDependency section */
		A1CD128E2778C82900CB95A9 /* PBXTargetDependency */ = {
			isa = PBXTargetDependency;
			name = libx64;
			targetProxy = A1CD128D2778C82900CB95A9 /* PBXContainerItemProxy */;
		};
/* End PBXTargetDependency section */

/* Begin PBXVariantGroup section */
		A1C243112778941A00B6AD60 /* Main.storyboard */ = {
			isa = PBXVariantGroup;
			children = (
				A1C243122778941A00B6AD60 /* Base */,
			);
			name = Main.storyboard;
			sourceTree = "<group>";
		};
		A1C243162778941B00B6AD60 /* LaunchScreen.storyboard */ = {
			isa = PBXVariantGroup;
			children = (
				A1C243172778941B00B6AD60 /* Base */,
			);
			name = LaunchScreen.storyboard;
			sourceTree = "<group>";
		};
/* End PBXVariantGroup section */

/* Begin XCBuildConfiguration section */
		A1C2431A2778941B00B6AD60 /* Debug */ = {
			isa = XCBuildConfiguration;
			buildSettings = {
				ALWAYS_SEARCH_USER_PATHS = NO;
				CLANG_ANALYZER_NONNULL = YES;
				CLANG_ANALYZER_NUMBER_OBJECT_CONVERSION = YES_AGGRESSIVE;
				CLANG_CXX_LANGUAGE_STANDARD = "gnu++17";
				CLANG_CXX_LIBRARY = "libc++";
				CLANG_ENABLE_MODULES = YES;
				CLANG_ENABLE_OBJC_ARC = YES;
				CLANG_ENABLE_OBJC_WEAK = YES;
				CLANG_WARN_BLOCK_CAPTURE_AUTORELEASING = YES;
				CLANG_WARN_BOOL_CONVERSION = YES;
				CLANG_WARN_COMMA = YES;
				CLANG_WARN_CONSTANT_CONVERSION = YES;
				CLANG_WARN_DEPRECATED_OBJC_IMPLEMENTATIONS = YES;
				CLANG_WARN_DIRECT_OBJC_ISA_USAGE = YES_ERROR;
				CLANG_WARN_DOCUMENTATION_COMMENTS = YES;
				CLANG_WARN_EMPTY_BODY = YES;
				CLANG_WARN_ENUM_CONVERSION = YES;
				CLANG_WARN_INFINITE_RECURSION = YES;
				CLANG_WARN_INT_CONVERSION = YES;
				CLANG_WARN_NON_LITERAL_NULL_CONVERSION = YES;
				CLANG_WARN_OBJC_IMPLICIT_RETAIN_SELF = YES;
				CLANG_WARN_OBJC_LITERAL_CONVERSION = YES;
				CLANG_WARN_OBJC_ROOT_CLASS = YES_ERROR;
				CLANG_WARN_QUOTED_INCLUDE_IN_FRAMEWORK_HEADER = YES;
				CLANG_WARN_RANGE_LOOP_ANALYSIS = YES;
				CLANG_WARN_STRICT_PROTOTYPES = YES;
				CLANG_WARN_SUSPICIOUS_MOVE = YES;
				CLANG_WARN_UNGUARDED_AVAILABILITY = YES_AGGRESSIVE;
				CLANG_WARN_UNREACHABLE_CODE = YES;
				CLANG_WARN__DUPLICATE_METHOD_MATCH = YES;
				COPY_PHASE_STRIP = NO;
				DEBUG_INFORMATION_FORMAT = dwarf;
				ENABLE_STRICT_OBJC_MSGSEND = YES;
				ENABLE_TESTABILITY = YES;
				GCC_C_LANGUAGE_STANDARD = gnu11;
				GCC_DYNAMIC_NO_PIC = NO;
				GCC_NO_COMMON_BLOCKS = YES;
				GCC_OPTIMIZATION_LEVEL = 0;
				GCC_PREPROCESSOR_DEFINITIONS = (
					"DEBUG=1",
					"$(inherited)",
				);
				GCC_WARN_64_TO_32_BIT_CONVERSION = YES;
				GCC_WARN_ABOUT_RETURN_TYPE = YES_ERROR;
				GCC_WARN_UNDECLARED_SELECTOR = YES;
				GCC_WARN_UNINITIALIZED_AUTOS = YES_AGGRESSIVE;
				GCC_WARN_UNUSED_FUNCTION = YES;
				GCC_WARN_UNUSED_VARIABLE = YES;
				IPHONEOS_DEPLOYMENT_TARGET = 15.2;
				MTL_ENABLE_DEBUG_INFO = INCLUDE_SOURCE;
				MTL_FAST_MATH = YES;
				ONLY_ACTIVE_ARCH = YES;
				SDKROOT = iphoneos;
				SWIFT_ACTIVE_COMPILATION_CONDITIONS = DEBUG;
				SWIFT_OPTIMIZATION_LEVEL = "-Onone";
			};
			name = Debug;
		};
		A1C2431B2778941B00B6AD60 /* Release */ = {
			isa = XCBuildConfiguration;
			buildSettings = {
				ALWAYS_SEARCH_USER_PATHS = NO;
				CLANG_ANALYZER_NONNULL = YES;
				CLANG_ANALYZER_NUMBER_OBJECT_CONVERSION = YES_AGGRESSIVE;
				CLANG_CXX_LANGUAGE_STANDARD = "gnu++17";
				CLANG_CXX_LIBRARY = "libc++";
				CLANG_ENABLE_MODULES = YES;
				CLANG_ENABLE_OBJC_ARC = YES;
				CLANG_ENABLE_OBJC_WEAK = YES;
				CLANG_WARN_BLOCK_CAPTURE_AUTORELEASING = YES;
				CLANG_WARN_BOOL_CONVERSION = YES;
				CLANG_WARN_COMMA = YES;
				CLANG_WARN_CONSTANT_CONVERSION = YES;
				CLANG_WARN_DEPRECATED_OBJC_IMPLEMENTATIONS = YES;
				CLANG_WARN_DIRECT_OBJC_ISA_USAGE = YES_ERROR;
				CLANG_WARN_DOCUMENTATION_COMMENTS = YES;
				CLANG_WARN_EMPTY_BODY = YES;
				CLANG_WARN_ENUM_CONVERSION = YES;
				CLANG_WARN_INFINITE_RECURSION = YES;
				CLANG_WARN_INT_CONVERSION = YES;
				CLANG_WARN_NON_LITERAL_NULL_CONVERSION = YES;
				CLANG_WARN_OBJC_IMPLICIT_RETAIN_SELF = YES;
				CLANG_WARN_OBJC_LITERAL_CONVERSION = YES;
				CLANG_WARN_OBJC_ROOT_CLASS = YES_ERROR;
				CLANG_WARN_QUOTED_INCLUDE_IN_FRAMEWORK_HEADER = YES;
				CLANG_WARN_RANGE_LOOP_ANALYSIS = YES;
				CLANG_WARN_STRICT_PROTOTYPES = YES;
				CLANG_WARN_SUSPICIOUS_MOVE = YES;
				CLANG_WARN_UNGUARDED_AVAILABILITY = YES_AGGRESSIVE;
				CLANG_WARN_UNREACHABLE_CODE = YES;
				CLANG_WARN__DUPLICATE_METHOD_MATCH = YES;
				COPY_PHASE_STRIP = NO;
				DEBUG_INFORMATION_FORMAT = "dwarf-with-dsym";
				ENABLE_NS_ASSERTIONS = NO;
				ENABLE_STRICT_OBJC_MSGSEND = YES;
				GCC_C_LANGUAGE_STANDARD = gnu11;
				GCC_NO_COMMON_BLOCKS = YES;
				GCC_WARN_64_TO_32_BIT_CONVERSION = YES;
				GCC_WARN_ABOUT_RETURN_TYPE = YES_ERROR;
				GCC_WARN_UNDECLARED_SELECTOR = YES;
				GCC_WARN_UNINITIALIZED_AUTOS = YES_AGGRESSIVE;
				GCC_WARN_UNUSED_FUNCTION = YES;
				GCC_WARN_UNUSED_VARIABLE = YES;
				IPHONEOS_DEPLOYMENT_TARGET = 15.2;
				MTL_ENABLE_DEBUG_INFO = NO;
				MTL_FAST_MATH = YES;
				SDKROOT = iphoneos;
				SWIFT_COMPILATION_MODE = wholemodule;
				SWIFT_OPTIMIZATION_LEVEL = "-O";
				VALIDATE_PRODUCT = YES;
			};
			name = Release;
		};
		A1C2431D2778941B00B6AD60 /* Debug */ = {
			isa = XCBuildConfiguration;
			buildSettings = {
				ALWAYS_SEARCH_USER_PATHS = NO;
				ASSETCATALOG_COMPILER_APPICON_NAME = AppIcon;
				ASSETCATALOG_COMPILER_GLOBAL_ACCENT_COLOR_NAME = AccentColor;
				CODE_SIGN_STYLE = Automatic;
				CURRENT_PROJECT_VERSION = 1;
				DEVELOPMENT_TEAM = A4ZM73UFF5;
				GENERATE_INFOPLIST_FILE = YES;
				INFOPLIST_FILE = C64Emulator/Info.plist;
				INFOPLIST_KEY_UIApplicationSupportsIndirectInputEvents = YES;
				INFOPLIST_KEY_UILaunchStoryboardName = LaunchScreen;
				INFOPLIST_KEY_UIMainStoryboardFile = Main;
				INFOPLIST_KEY_UISupportedInterfaceOrientations_iPad = "UIInterfaceOrientationPortrait UIInterfaceOrientationPortraitUpsideDown UIInterfaceOrientationLandscapeLeft UIInterfaceOrientationLandscapeRight";
				INFOPLIST_KEY_UISupportedInterfaceOrientations_iPhone = "UIInterfaceOrientationPortrait UIInterfaceOrientationLandscapeLeft UIInterfaceOrientationLandscapeRight";
				LD_RUNPATH_SEARCH_PATHS = (
					"$(inherited)",
					"@executable_path/Frameworks",
				);
				LIBRARY_SEARCH_PATHS = (
					"$(inherited)",
					"$(PROJECT_DIR)/C64Emulator/Resources",
				);
				MARKETING_VERSION = 1.0;
				OTHER_LDFLAGS = (
					"-all_load",
					"-ObjC",
				);
				PRODUCT_BUNDLE_IDENTIFIER = com.andyqua.C64Emulator;
				PRODUCT_NAME = "$(TARGET_NAME)";
				SWIFT_EMIT_LOC_STRINGS = YES;
				SWIFT_ENABLE_BATCH_MODE = NO;
				SWIFT_OBJC_BRIDGING_HEADER = "C64Emulator/C64Emulator-Bridging-Header.h";
				SWIFT_VERSION = 5.0;
				TARGETED_DEVICE_FAMILY = "1,2";
				USER_HEADER_SEARCH_PATHS = (
					C64Emulator/libx64/vice/src,
					C64Emulator/libx64/vice/src/c64,
					C64Emulator/libx64/vice/src/sid,
					C64Emulator/libx64/vice/src/vicii,
					C64Emulator/libx64/vice/src/arch/unix/ios/cocoa_touch,
					C64Emulator/libx64/vice/src/arch/unix/ios,
					C64Emulator/libx64/vice/src/arch/unix,
					C64Emulator/libx64/vice/src/c64/cart,
					C64Emulator/libx64/vice/src/drive,
					C64Emulator/libx64/vice/src/c64exp,
					C64Emulator/libx64/vice/src/video,
					C64Emulator/libx64/vice/src/userport,
					C64Emulator/libx64/vice/src/tape,
					C64Emulator/libx64/vice/src/raster,
					C64Emulator/libx64/vice/src/viciisc,
				);
			};
			name = Debug;
		};
		A1C2431E2778941B00B6AD60 /* Release */ = {
			isa = XCBuildConfiguration;
			buildSettings = {
				ALWAYS_SEARCH_USER_PATHS = NO;
				ASSETCATALOG_COMPILER_APPICON_NAME = AppIcon;
				ASSETCATALOG_COMPILER_GLOBAL_ACCENT_COLOR_NAME = AccentColor;
				CODE_SIGN_STYLE = Automatic;
				CURRENT_PROJECT_VERSION = 1;
				DEVELOPMENT_TEAM = A4ZM73UFF5;
				GENERATE_INFOPLIST_FILE = YES;
				INFOPLIST_FILE = C64Emulator/Info.plist;
				INFOPLIST_KEY_UIApplicationSupportsIndirectInputEvents = YES;
				INFOPLIST_KEY_UILaunchStoryboardName = LaunchScreen;
				INFOPLIST_KEY_UIMainStoryboardFile = Main;
				INFOPLIST_KEY_UISupportedInterfaceOrientations_iPad = "UIInterfaceOrientationPortrait UIInterfaceOrientationPortraitUpsideDown UIInterfaceOrientationLandscapeLeft UIInterfaceOrientationLandscapeRight";
				INFOPLIST_KEY_UISupportedInterfaceOrientations_iPhone = "UIInterfaceOrientationPortrait UIInterfaceOrientationLandscapeLeft UIInterfaceOrientationLandscapeRight";
				LD_RUNPATH_SEARCH_PATHS = (
					"$(inherited)",
					"@executable_path/Frameworks",
				);
				LIBRARY_SEARCH_PATHS = (
					"$(inherited)",
					"$(PROJECT_DIR)/C64Emulator/Resources",
				);
				MARKETING_VERSION = 1.0;
				OTHER_LDFLAGS = (
					"-all_load",
					"-ObjC",
				);
				PRODUCT_BUNDLE_IDENTIFIER = com.andyqua.C64Emulator;
				PRODUCT_NAME = "$(TARGET_NAME)";
				SWIFT_EMIT_LOC_STRINGS = YES;
				SWIFT_ENABLE_BATCH_MODE = NO;
				SWIFT_OBJC_BRIDGING_HEADER = "C64Emulator/C64Emulator-Bridging-Header.h";
				SWIFT_VERSION = 5.0;
				TARGETED_DEVICE_FAMILY = "1,2";
				USER_HEADER_SEARCH_PATHS = (
					C64Emulator/libx64/vice/src,
					C64Emulator/libx64/vice/src/c64,
					C64Emulator/libx64/vice/src/sid,
					C64Emulator/libx64/vice/src/vicii,
					C64Emulator/libx64/vice/src/arch/unix/ios/cocoa_touch,
					C64Emulator/libx64/vice/src/arch/unix/ios,
					C64Emulator/libx64/vice/src/arch/unix,
					C64Emulator/libx64/vice/src/c64/cart,
					C64Emulator/libx64/vice/src/drive,
					C64Emulator/libx64/vice/src/c64exp,
					C64Emulator/libx64/vice/src/video,
					C64Emulator/libx64/vice/src/userport,
					C64Emulator/libx64/vice/src/tape,
					C64Emulator/libx64/vice/src/raster,
					C64Emulator/libx64/vice/src/viciisc,
				);
			};
			name = Release;
		};
/* End XCBuildConfiguration section */

/* Begin XCConfigurationList section */
		A1C243032778941A00B6AD60 /* Build configuration list for PBXProject "C64Emulator" */ = {
			isa = XCConfigurationList;
			buildConfigurations = (
				A1C2431A2778941B00B6AD60 /* Debug */,
				A1C2431B2778941B00B6AD60 /* Release */,
			);
			defaultConfigurationIsVisible = 0;
			defaultConfigurationName = Release;
		};
		A1C2431C2778941B00B6AD60 /* Build configuration list for PBXNativeTarget "C64Emulator" */ = {
			isa = XCConfigurationList;
			buildConfigurations = (
				A1C2431D2778941B00B6AD60 /* Debug */,
				A1C2431E2778941B00B6AD60 /* Release */,
			);
			defaultConfigurationIsVisible = 0;
			defaultConfigurationName = Release;
		};
/* End XCConfigurationList section */

/* Begin XCRemoteSwiftPackageReference section */
		A1C2431F2778942800B6AD60 /* XCRemoteSwiftPackageReference "GCDWebServer" */ = {
			isa = XCRemoteSwiftPackageReference;
			repositoryURL = "https://github.com/nostradani/GCDWebServer";
			requirement = {
				branch = master;
				kind = branch;
			};
		};
		A1C243222778943000B6AD60 /* XCRemoteSwiftPackageReference "fmdb" */ = {
			isa = XCRemoteSwiftPackageReference;
			repositoryURL = "https://github.com/ccgus/fmdb";
			requirement = {
				branch = master;
				kind = branch;
			};
		};
		A1C243252778943800B6AD60 /* XCRemoteSwiftPackageReference "Sourceful" */ = {
			isa = XCRemoteSwiftPackageReference;
			repositoryURL = "https://github.com/twostraws/Sourceful";
			requirement = {
				branch = main;
				kind = branch;
			};
		};
/* End XCRemoteSwiftPackageReference section */

/* Begin XCSwiftPackageProductDependency section */
		A1C243202778942800B6AD60 /* GCDWebServers */ = {
			isa = XCSwiftPackageProductDependency;
			package = A1C2431F2778942800B6AD60 /* XCRemoteSwiftPackageReference "GCDWebServer" */;
			productName = GCDWebServers;
		};
		A1C243232778943000B6AD60 /* FMDB */ = {
			isa = XCSwiftPackageProductDependency;
			package = A1C243222778943000B6AD60 /* XCRemoteSwiftPackageReference "fmdb" */;
			productName = FMDB;
		};
		A1C243262778943800B6AD60 /* Sourceful */ = {
			isa = XCSwiftPackageProductDependency;
			package = A1C243252778943800B6AD60 /* XCRemoteSwiftPackageReference "Sourceful" */;
			productName = Sourceful;
		};
/* End XCSwiftPackageProductDependency section */
	};
	rootObject = A1C243002778941A00B6AD60 /* Project object */;
}
