// !$*UTF8*$!
{
	archiveVersion = 1;
	classes = {
	};
	objectVersion = 46;
	objects = {

/* Begin PBXBuildFile section */
		5A636EBC5844E751693361BD /* Pods_C64Emulator.framework in Frameworks */ = {isa = PBXBuildFile; fileRef = 36FE2EBD513C21E803CC0B02 /* Pods_C64Emulator.framework */; };
		A10D77E31E224289000C452F /* StringExtensions.swift in Sources */ = {isa = PBXBuildFile; fileRef = A10D77E21E224289000C452F /* StringExtensions.swift */; };
		A10D77E51E225493000C452F /* DiskManager.swift in Sources */ = {isa = PBXBuildFile; fileRef = A10D77E41E225493000C452F /* DiskManager.swift */; };
		A121EFB81D5F4F71006DA18F /* EmulatorSettingsViewController.swift in Sources */ = {isa = PBXBuildFile; fileRef = A121EFB71D5F4F71006DA18F /* EmulatorSettingsViewController.swift */; };
		A121EFBA1D5F4FA0006DA18F /* C64ModelSettingsViewController.swift in Sources */ = {isa = PBXBuildFile; fileRef = A121EFB91D5F4FA0006DA18F /* C64ModelSettingsViewController.swift */; };
		A121EFBC1D5F4FB9006DA18F /* DiskImageViewController.swift in Sources */ = {isa = PBXBuildFile; fileRef = A121EFBB1D5F4FB9006DA18F /* DiskImageViewController.swift */; };
		A14115AA1D5B18F3007A1A55 /* AppDelegate.swift in Sources */ = {isa = PBXBuildFile; fileRef = A14115A91D5B18F3007A1A55 /* AppDelegate.swift */; };
		A14115AF1D5B18F3007A1A55 /* Main.storyboard in Resources */ = {isa = PBXBuildFile; fileRef = A14115AD1D5B18F3007A1A55 /* Main.storyboard */; };
		A14115B11D5B18F3007A1A55 /* Assets.xcassets in Resources */ = {isa = PBXBuildFile; fileRef = A14115B01D5B18F3007A1A55 /* Assets.xcassets */; };
		A14115B41D5B18F3007A1A55 /* LaunchScreen.storyboard in Resources */ = {isa = PBXBuildFile; fileRef = A14115B21D5B18F3007A1A55 /* LaunchScreen.storyboard */; };
		A14115D41D5B2109007A1A55 /* liblibx64.a in Frameworks */ = {isa = PBXBuildFile; fileRef = A14115CB1D5B196B007A1A55 /* liblibx64.a */; };
		A14115D71D5B2138007A1A55 /* AudioToolbox.framework in Frameworks */ = {isa = PBXBuildFile; fileRef = A14115D61D5B2138007A1A55 /* AudioToolbox.framework */; };
		A14115D91D5B2176007A1A55 /* Foundation.framework in Frameworks */ = {isa = PBXBuildFile; fileRef = A14115D81D5B2176007A1A55 /* Foundation.framework */; };
		A14115DB1D5B217C007A1A55 /* UIKit.framework in Frameworks */ = {isa = PBXBuildFile; fileRef = A14115DA1D5B217C007A1A55 /* UIKit.framework */; };
		A14115DD1D5B218D007A1A55 /* libz.tbd in Frameworks */ = {isa = PBXBuildFile; fileRef = A14115DC1D5B218D007A1A55 /* libz.tbd */; };
		A14115DF1D5B228E007A1A55 /* libc++.tbd in Frameworks */ = {isa = PBXBuildFile; fileRef = A14115DE1D5B228E007A1A55 /* libc++.tbd */; };
		A14115E71D5B2491007A1A55 /* crt_shader.fsh in Resources */ = {isa = PBXBuildFile; fileRef = A14115E41D5B2491007A1A55 /* crt_shader.fsh */; };
		A14115E81D5B2491007A1A55 /* crt_shader.vsh in Resources */ = {isa = PBXBuildFile; fileRef = A14115E51D5B2491007A1A55 /* crt_shader.vsh */; };
		A14115E91D5B2491007A1A55 /* ROM in Resources */ = {isa = PBXBuildFile; fileRef = A14115E61D5B2491007A1A55 /* ROM */; };
		A14115EB1D5B294B007A1A55 /* DiskViewController.swift in Sources */ = {isa = PBXBuildFile; fileRef = A14115EA1D5B294B007A1A55 /* DiskViewController.swift */; };
		A14115ED1D5B2A66007A1A55 /* DiskContentsViewController.swift in Sources */ = {isa = PBXBuildFile; fileRef = A14115EC1D5B2A66007A1A55 /* DiskContentsViewController.swift */; };
		A14115F01D5B3513007A1A55 /* diskimage.c in Sources */ = {isa = PBXBuildFile; fileRef = A14115EE1D5B3513007A1A55 /* diskimage.c */; };
		A14115F31D5B36E2007A1A55 /* D64Image.m in Sources */ = {isa = PBXBuildFile; fileRef = A14115F21D5B36E2007A1A55 /* D64Image.m */; };
		A14115F51D5B4270007A1A55 /* EmulatorViewController.swift in Sources */ = {isa = PBXBuildFile; fileRef = A14115F41D5B4270007A1A55 /* EmulatorViewController.swift */; };
		A14115F71D5B7D36007A1A55 /* JoystickView.swift in Sources */ = {isa = PBXBuildFile; fileRef = A14115F61D5B7D36007A1A55 /* JoystickView.swift */; };
		A14115F91D5B7D61007A1A55 /* FireButtonView.swift in Sources */ = {isa = PBXBuildFile; fileRef = A14115F81D5B7D61007A1A55 /* FireButtonView.swift */; };
		A14115FB1D5B7D89007A1A55 /* EmulatorBackgroundView.swift in Sources */ = {isa = PBXBuildFile; fileRef = A14115FA1D5B7D89007A1A55 /* EmulatorBackgroundView.swift */; };
		A14115FE1D5B9BFB007A1A55 /* libsqlite3.tbd in Frameworks */ = {isa = PBXBuildFile; fileRef = A14115FD1D5B9BFB007A1A55 /* libsqlite3.tbd */; };
		A14116001D5B9C10007A1A55 /* DatabaseManager.swift in Sources */ = {isa = PBXBuildFile; fileRef = A14115FF1D5B9C10007A1A55 /* DatabaseManager.swift */; };
		A14116011D5B9EFF007A1A55 /* games.db in Resources */ = {isa = PBXBuildFile; fileRef = A14115FC1D5B9988007A1A55 /* games.db */; };
		A143568621E21FD100A678F8 /* games in Resources */ = {isa = PBXBuildFile; fileRef = A14115D21D5B1AA7007A1A55 /* games */; };
		A1AD69491D5CE54B0042197C /* WebServer.swift in Sources */ = {isa = PBXBuildFile; fileRef = A1AD69481D5CE54B0042197C /* WebServer.swift */; };
		A1D2C9591D5E343000D36462 /* DiskItemCell.swift in Sources */ = {isa = PBXBuildFile; fileRef = A1D2C9581D5E343000D36462 /* DiskItemCell.swift */; };
		A1D2C95B1D5E5A8D00D36462 /* DiskCell.swift in Sources */ = {isa = PBXBuildFile; fileRef = A1D2C95A1D5E5A8D00D36462 /* DiskCell.swift */; };
/* End PBXBuildFile section */

/* Begin PBXContainerItemProxy section */
		A14115CA1D5B196B007A1A55 /* PBXContainerItemProxy */ = {
			isa = PBXContainerItemProxy;
			containerPortal = A14115C11D5B1966007A1A55 /* libx64.xcodeproj */;
			proxyType = 2;
			remoteGlobalIDString = 1F7B476015284DAD00B63B6D;
			remoteInfo = libx64;
		};
		A14115CC1D5B1983007A1A55 /* PBXContainerItemProxy */ = {
			isa = PBXContainerItemProxy;
			containerPortal = A14115C11D5B1966007A1A55 /* libx64.xcodeproj */;
			proxyType = 1;
			remoteGlobalIDString = 1F7B475F15284DAD00B63B6D;
			remoteInfo = libx64;
		};
/* End PBXContainerItemProxy section */

/* Begin PBXFileReference section */
		36FE2EBD513C21E803CC0B02 /* Pods_C64Emulator.framework */ = {isa = PBXFileReference; explicitFileType = wrapper.framework; includeInIndex = 0; path = Pods_C64Emulator.framework; sourceTree = BUILT_PRODUCTS_DIR; };
		4EFEF8A9CFB95DB90A8D7C4C /* Pods-C64Emulator.debug.xcconfig */ = {isa = PBXFileReference; includeInIndex = 1; lastKnownFileType = text.xcconfig; name = "Pods-C64Emulator.debug.xcconfig"; path = "Pods/Target Support Files/Pods-C64Emulator/Pods-C64Emulator.debug.xcconfig"; sourceTree = "<group>"; };
		A10D77E21E224289000C452F /* StringExtensions.swift */ = {isa = PBXFileReference; fileEncoding = 4; lastKnownFileType = sourcecode.swift; path = StringExtensions.swift; sourceTree = "<group>"; };
		A10D77E41E225493000C452F /* DiskManager.swift */ = {isa = PBXFileReference; fileEncoding = 4; lastKnownFileType = sourcecode.swift; path = DiskManager.swift; sourceTree = "<group>"; };
		A121EFB71D5F4F71006DA18F /* EmulatorSettingsViewController.swift */ = {isa = PBXFileReference; fileEncoding = 4; lastKnownFileType = sourcecode.swift; path = EmulatorSettingsViewController.swift; sourceTree = "<group>"; };
		A121EFB91D5F4FA0006DA18F /* C64ModelSettingsViewController.swift */ = {isa = PBXFileReference; fileEncoding = 4; lastKnownFileType = sourcecode.swift; path = C64ModelSettingsViewController.swift; sourceTree = "<group>"; };
		A121EFBB1D5F4FB9006DA18F /* DiskImageViewController.swift */ = {isa = PBXFileReference; fileEncoding = 4; lastKnownFileType = sourcecode.swift; path = DiskImageViewController.swift; sourceTree = "<group>"; };
		A14115A61D5B18F3007A1A55 /* C64Emulator.app */ = {isa = PBXFileReference; explicitFileType = wrapper.application; includeInIndex = 0; path = C64Emulator.app; sourceTree = BUILT_PRODUCTS_DIR; };
		A14115A91D5B18F3007A1A55 /* AppDelegate.swift */ = {isa = PBXFileReference; lastKnownFileType = sourcecode.swift; path = AppDelegate.swift; sourceTree = "<group>"; };
		A14115AE1D5B18F3007A1A55 /* Base */ = {isa = PBXFileReference; lastKnownFileType = file.storyboard; name = Base; path = Base.lproj/Main.storyboard; sourceTree = "<group>"; };
		A14115B01D5B18F3007A1A55 /* Assets.xcassets */ = {isa = PBXFileReference; lastKnownFileType = folder.assetcatalog; path = Assets.xcassets; sourceTree = "<group>"; };
		A14115B31D5B18F3007A1A55 /* Base */ = {isa = PBXFileReference; lastKnownFileType = file.storyboard; name = Base; path = Base.lproj/LaunchScreen.storyboard; sourceTree = "<group>"; };
		A14115B51D5B18F3007A1A55 /* Info.plist */ = {isa = PBXFileReference; lastKnownFileType = text.plist.xml; path = Info.plist; sourceTree = "<group>"; };
		A14115C11D5B1966007A1A55 /* libx64.xcodeproj */ = {isa = PBXFileReference; lastKnownFileType = "wrapper.pb-project"; name = libx64.xcodeproj; path = C64Emulator/libx64.xcodeproj; sourceTree = "<group>"; };
		A14115CE1D5B19D7007A1A55 /* C64Emulator-Bridging-Header.h */ = {isa = PBXFileReference; lastKnownFileType = sourcecode.c.h; path = "C64Emulator-Bridging-Header.h"; sourceTree = "<group>"; };
		A14115D21D5B1AA7007A1A55 /* games */ = {isa = PBXFileReference; lastKnownFileType = folder; name = games; path = ../games; sourceTree = "<group>"; };
		A14115D61D5B2138007A1A55 /* AudioToolbox.framework */ = {isa = PBXFileReference; lastKnownFileType = wrapper.framework; name = AudioToolbox.framework; path = System/Library/Frameworks/AudioToolbox.framework; sourceTree = SDKROOT; };
		A14115D81D5B2176007A1A55 /* Foundation.framework */ = {isa = PBXFileReference; lastKnownFileType = wrapper.framework; name = Foundation.framework; path = System/Library/Frameworks/Foundation.framework; sourceTree = SDKROOT; };
		A14115DA1D5B217C007A1A55 /* UIKit.framework */ = {isa = PBXFileReference; lastKnownFileType = wrapper.framework; name = UIKit.framework; path = System/Library/Frameworks/UIKit.framework; sourceTree = SDKROOT; };
		A14115DC1D5B218D007A1A55 /* libz.tbd */ = {isa = PBXFileReference; lastKnownFileType = "sourcecode.text-based-dylib-definition"; name = libz.tbd; path = usr/lib/libz.tbd; sourceTree = SDKROOT; };
		A14115DE1D5B228E007A1A55 /* libc++.tbd */ = {isa = PBXFileReference; lastKnownFileType = "sourcecode.text-based-dylib-definition"; name = "libc++.tbd"; path = "usr/lib/libc++.tbd"; sourceTree = SDKROOT; };
		A14115E41D5B2491007A1A55 /* crt_shader.fsh */ = {isa = PBXFileReference; fileEncoding = 4; lastKnownFileType = sourcecode.glsl; path = crt_shader.fsh; sourceTree = "<group>"; };
		A14115E51D5B2491007A1A55 /* crt_shader.vsh */ = {isa = PBXFileReference; fileEncoding = 4; lastKnownFileType = sourcecode.glsl; path = crt_shader.vsh; sourceTree = "<group>"; };
		A14115E61D5B2491007A1A55 /* ROM */ = {isa = PBXFileReference; lastKnownFileType = folder; path = ROM; sourceTree = "<group>"; };
		A14115EA1D5B294B007A1A55 /* DiskViewController.swift */ = {isa = PBXFileReference; fileEncoding = 4; lastKnownFileType = sourcecode.swift; path = DiskViewController.swift; sourceTree = "<group>"; };
		A14115EC1D5B2A66007A1A55 /* DiskContentsViewController.swift */ = {isa = PBXFileReference; fileEncoding = 4; lastKnownFileType = sourcecode.swift; path = DiskContentsViewController.swift; sourceTree = "<group>"; };
		A14115EE1D5B3513007A1A55 /* diskimage.c */ = {isa = PBXFileReference; fileEncoding = 4; lastKnownFileType = sourcecode.c.c; path = diskimage.c; sourceTree = "<group>"; };
		A14115EF1D5B3513007A1A55 /* diskimage.h */ = {isa = PBXFileReference; fileEncoding = 4; lastKnownFileType = sourcecode.c.h; path = diskimage.h; sourceTree = "<group>"; };
		A14115F11D5B36E2007A1A55 /* D64Image.h */ = {isa = PBXFileReference; fileEncoding = 4; lastKnownFileType = sourcecode.c.h; path = D64Image.h; sourceTree = "<group>"; };
		A14115F21D5B36E2007A1A55 /* D64Image.m */ = {isa = PBXFileReference; fileEncoding = 4; lastKnownFileType = sourcecode.c.objc; path = D64Image.m; sourceTree = "<group>"; };
		A14115F41D5B4270007A1A55 /* EmulatorViewController.swift */ = {isa = PBXFileReference; fileEncoding = 4; lastKnownFileType = sourcecode.swift; path = EmulatorViewController.swift; sourceTree = "<group>"; };
		A14115F61D5B7D36007A1A55 /* JoystickView.swift */ = {isa = PBXFileReference; fileEncoding = 4; lastKnownFileType = sourcecode.swift; path = JoystickView.swift; sourceTree = "<group>"; };
		A14115F81D5B7D61007A1A55 /* FireButtonView.swift */ = {isa = PBXFileReference; fileEncoding = 4; lastKnownFileType = sourcecode.swift; path = FireButtonView.swift; sourceTree = "<group>"; };
		A14115FA1D5B7D89007A1A55 /* EmulatorBackgroundView.swift */ = {isa = PBXFileReference; fileEncoding = 4; lastKnownFileType = sourcecode.swift; path = EmulatorBackgroundView.swift; sourceTree = "<group>"; };
		A14115FC1D5B9988007A1A55 /* games.db */ = {isa = PBXFileReference; lastKnownFileType = file; path = games.db; sourceTree = "<group>"; };
		A14115FD1D5B9BFB007A1A55 /* libsqlite3.tbd */ = {isa = PBXFileReference; lastKnownFileType = "sourcecode.text-based-dylib-definition"; name = libsqlite3.tbd; path = usr/lib/libsqlite3.tbd; sourceTree = SDKROOT; };
		A14115FF1D5B9C10007A1A55 /* DatabaseManager.swift */ = {isa = PBXFileReference; fileEncoding = 4; lastKnownFileType = sourcecode.swift; path = DatabaseManager.swift; sourceTree = "<group>"; };
		A1AD69481D5CE54B0042197C /* WebServer.swift */ = {isa = PBXFileReference; fileEncoding = 4; lastKnownFileType = sourcecode.swift; path = WebServer.swift; sourceTree = "<group>"; };
		A1D2C9581D5E343000D36462 /* DiskItemCell.swift */ = {isa = PBXFileReference; fileEncoding = 4; lastKnownFileType = sourcecode.swift; path = DiskItemCell.swift; sourceTree = "<group>"; };
		A1D2C95A1D5E5A8D00D36462 /* DiskCell.swift */ = {isa = PBXFileReference; fileEncoding = 4; lastKnownFileType = sourcecode.swift; path = DiskCell.swift; sourceTree = "<group>"; };
		D1F36C11F930EDE8A304F554 /* Pods-C64Emulator.release.xcconfig */ = {isa = PBXFileReference; includeInIndex = 1; lastKnownFileType = text.xcconfig; name = "Pods-C64Emulator.release.xcconfig"; path = "Pods/Target Support Files/Pods-C64Emulator/Pods-C64Emulator.release.xcconfig"; sourceTree = "<group>"; };
/* End PBXFileReference section */

/* Begin PBXFrameworksBuildPhase section */
		A14115A31D5B18F3007A1A55 /* Frameworks */ = {
			isa = PBXFrameworksBuildPhase;
			buildActionMask = 2147483647;
			files = (
				A14115FE1D5B9BFB007A1A55 /* libsqlite3.tbd in Frameworks */,
				A14115DF1D5B228E007A1A55 /* libc++.tbd in Frameworks */,
				A14115DD1D5B218D007A1A55 /* libz.tbd in Frameworks */,
				A14115DB1D5B217C007A1A55 /* UIKit.framework in Frameworks */,
				A14115D91D5B2176007A1A55 /* Foundation.framework in Frameworks */,
				A14115D71D5B2138007A1A55 /* AudioToolbox.framework in Frameworks */,
				A14115D41D5B2109007A1A55 /* liblibx64.a in Frameworks */,
				5A636EBC5844E751693361BD /* Pods_C64Emulator.framework in Frameworks */,
			);
			runOnlyForDeploymentPostprocessing = 0;
		};
/* End PBXFrameworksBuildPhase section */

/* Begin PBXGroup section */
		7EEF711B63A20B0B16B0FAB6 /* Pods */ = {
			isa = PBXGroup;
			children = (
				4EFEF8A9CFB95DB90A8D7C4C /* Pods-C64Emulator.debug.xcconfig */,
				D1F36C11F930EDE8A304F554 /* Pods-C64Emulator.release.xcconfig */,
			);
			name = Pods;
			sourceTree = "<group>";
		};
		A141159D1D5B18F3007A1A55 = {
			isa = PBXGroup;
			children = (
				A14115A81D5B18F3007A1A55 /* C64Emulator */,
				A14115E31D5B2475007A1A55 /* Resources */,
				A14115C11D5B1966007A1A55 /* libx64.xcodeproj */,
				A14115A71D5B18F3007A1A55 /* Products */,
				A14115D51D5B2138007A1A55 /* Frameworks */,
				7EEF711B63A20B0B16B0FAB6 /* Pods */,
			);
			sourceTree = "<group>";
		};
		A14115A71D5B18F3007A1A55 /* Products */ = {
			isa = PBXGroup;
			children = (
				A14115A61D5B18F3007A1A55 /* C64Emulator.app */,
			);
			name = Products;
			sourceTree = "<group>";
		};
		A14115A81D5B18F3007A1A55 /* C64Emulator */ = {
			isa = PBXGroup;
			children = (
				A1D2C9571D5E341300D36462 /* Cells */,
				A14115A91D5B18F3007A1A55 /* AppDelegate.swift */,
				A1AD69481D5CE54B0042197C /* WebServer.swift */,
				A14115EA1D5B294B007A1A55 /* DiskViewController.swift */,
				A14115EC1D5B2A66007A1A55 /* DiskContentsViewController.swift */,
				A14115F41D5B4270007A1A55 /* EmulatorViewController.swift */,
				A14115FA1D5B7D89007A1A55 /* EmulatorBackgroundView.swift */,
				A121EFB71D5F4F71006DA18F /* EmulatorSettingsViewController.swift */,
				A121EFB91D5F4FA0006DA18F /* C64ModelSettingsViewController.swift */,
				A121EFBB1D5F4FB9006DA18F /* DiskImageViewController.swift */,
				A14115F61D5B7D36007A1A55 /* JoystickView.swift */,
				A14115F81D5B7D61007A1A55 /* FireButtonView.swift */,
				A14115F11D5B36E2007A1A55 /* D64Image.h */,
				A14115F21D5B36E2007A1A55 /* D64Image.m */,
				A14115EE1D5B3513007A1A55 /* diskimage.c */,
				A14115EF1D5B3513007A1A55 /* diskimage.h */,
				A10D77E41E225493000C452F /* DiskManager.swift */,
				A14115FF1D5B9C10007A1A55 /* DatabaseManager.swift */,
				A10D77E21E224289000C452F /* StringExtensions.swift */,
				A14115B01D5B18F3007A1A55 /* Assets.xcassets */,
				A14115AD1D5B18F3007A1A55 /* Main.storyboard */,
				A14115B21D5B18F3007A1A55 /* LaunchScreen.storyboard */,
				A14115B51D5B18F3007A1A55 /* Info.plist */,
				A14115CE1D5B19D7007A1A55 /* C64Emulator-Bridging-Header.h */,
			);
			path = C64Emulator;
			sourceTree = "<group>";
		};
		A14115C71D5B196B007A1A55 /* Products */ = {
			isa = PBXGroup;
			children = (
				A14115CB1D5B196B007A1A55 /* liblibx64.a */,
			);
			name = Products;
			sourceTree = "<group>";
		};
		A14115D51D5B2138007A1A55 /* Frameworks */ = {
			isa = PBXGroup;
			children = (
				A14115FD1D5B9BFB007A1A55 /* libsqlite3.tbd */,
				A14115DE1D5B228E007A1A55 /* libc++.tbd */,
				A14115DC1D5B218D007A1A55 /* libz.tbd */,
				A14115DA1D5B217C007A1A55 /* UIKit.framework */,
				A14115D81D5B2176007A1A55 /* Foundation.framework */,
				A14115D61D5B2138007A1A55 /* AudioToolbox.framework */,
				36FE2EBD513C21E803CC0B02 /* Pods_C64Emulator.framework */,
			);
			name = Frameworks;
			sourceTree = "<group>";
		};
		A14115E31D5B2475007A1A55 /* Resources */ = {
			isa = PBXGroup;
			children = (
				A14115FC1D5B9988007A1A55 /* games.db */,
				A14115E41D5B2491007A1A55 /* crt_shader.fsh */,
				A14115E51D5B2491007A1A55 /* crt_shader.vsh */,
				A14115E61D5B2491007A1A55 /* ROM */,
				A14115D21D5B1AA7007A1A55 /* games */,
			);
			name = Resources;
			path = C64Emulator/Resources;
			sourceTree = "<group>";
		};
		A1D2C9571D5E341300D36462 /* Cells */ = {
			isa = PBXGroup;
			children = (
				A1D2C9581D5E343000D36462 /* DiskItemCell.swift */,
				A1D2C95A1D5E5A8D00D36462 /* DiskCell.swift */,
			);
			name = Cells;
			sourceTree = "<group>";
		};
/* End PBXGroup section */

/* Begin PBXNativeTarget section */
		A14115A51D5B18F3007A1A55 /* C64Emulator */ = {
			isa = PBXNativeTarget;
			buildConfigurationList = A14115B81D5B18F3007A1A55 /* Build configuration list for PBXNativeTarget "C64Emulator" */;
			buildPhases = (
				C2DCA9CF106145161310F2D0 /* [CP] Check Pods Manifest.lock */,
				A14115A21D5B18F3007A1A55 /* Sources */,
				A14115A31D5B18F3007A1A55 /* Frameworks */,
				A14115A41D5B18F3007A1A55 /* Resources */,
				1E3C98B95F4D4CDE5402DD21 /* [CP] Embed Pods Frameworks */,
			);
			buildRules = (
			);
			dependencies = (
				A14115CD1D5B1983007A1A55 /* PBXTargetDependency */,
			);
			name = C64Emulator;
			productName = C64Emulator;
			productReference = A14115A61D5B18F3007A1A55 /* C64Emulator.app */;
			productType = "com.apple.product-type.application";
		};
/* End PBXNativeTarget section */

/* Begin PBXProject section */
		A141159E1D5B18F3007A1A55 /* Project object */ = {
			isa = PBXProject;
			attributes = {
				LastSwiftUpdateCheck = 0800;
				LastUpgradeCheck = 1010;
				ORGANIZATIONNAME = "Andy Qua";
				TargetAttributes = {
					A14115A51D5B18F3007A1A55 = {
						CreatedOnToolsVersion = 8.0;
						DevelopmentTeam = A4ZM73UFF5;
						LastSwiftMigration = 1140;
						ProvisioningStyle = Automatic;
					};
				};
			};
			buildConfigurationList = A14115A11D5B18F3007A1A55 /* Build configuration list for PBXProject "C64Emulator" */;
			compatibilityVersion = "Xcode 3.2";
			developmentRegion = en;
			hasScannedForEncodings = 0;
			knownRegions = (
				en,
				Base,
			);
			mainGroup = A141159D1D5B18F3007A1A55;
			productRefGroup = A14115A71D5B18F3007A1A55 /* Products */;
			projectDirPath = "";
			projectReferences = (
				{
					ProductGroup = A14115C71D5B196B007A1A55 /* Products */;
					ProjectRef = A14115C11D5B1966007A1A55 /* libx64.xcodeproj */;
				},
			);
			projectRoot = "";
			targets = (
				A14115A51D5B18F3007A1A55 /* C64Emulator */,
			);
		};
/* End PBXProject section */

/* Begin PBXReferenceProxy section */
		A14115CB1D5B196B007A1A55 /* liblibx64.a */ = {
			isa = PBXReferenceProxy;
			fileType = archive.ar;
			path = liblibx64.a;
			remoteRef = A14115CA1D5B196B007A1A55 /* PBXContainerItemProxy */;
			sourceTree = BUILT_PRODUCTS_DIR;
		};
/* End PBXReferenceProxy section */

/* Begin PBXResourcesBuildPhase section */
		A14115A41D5B18F3007A1A55 /* Resources */ = {
			isa = PBXResourcesBuildPhase;
			buildActionMask = 2147483647;
			files = (
				A14115B41D5B18F3007A1A55 /* LaunchScreen.storyboard in Resources */,
				A14116011D5B9EFF007A1A55 /* games.db in Resources */,
				A143568621E21FD100A678F8 /* games in Resources */,
				A14115B11D5B18F3007A1A55 /* Assets.xcassets in Resources */,
				A14115E71D5B2491007A1A55 /* crt_shader.fsh in Resources */,
				A14115E81D5B2491007A1A55 /* crt_shader.vsh in Resources */,
				A14115E91D5B2491007A1A55 /* ROM in Resources */,
				A14115AF1D5B18F3007A1A55 /* Main.storyboard in Resources */,
			);
			runOnlyForDeploymentPostprocessing = 0;
		};
/* End PBXResourcesBuildPhase section */

/* Begin PBXShellScriptBuildPhase section */
		1E3C98B95F4D4CDE5402DD21 /* [CP] Embed Pods Frameworks */ = {
			isa = PBXShellScriptBuildPhase;
			buildActionMask = 2147483647;
			files = (
			);
			inputPaths = (
				"${PODS_ROOT}/Target Support Files/Pods-C64Emulator/Pods-C64Emulator-frameworks.sh",
				"${BUILT_PRODUCTS_DIR}/FMDB/FMDB.framework",
				"${BUILT_PRODUCTS_DIR}/GCDWebServer/GCDWebServer.framework",
			);
			name = "[CP] Embed Pods Frameworks";
			outputPaths = (
				"${TARGET_BUILD_DIR}/${FRAMEWORKS_FOLDER_PATH}/FMDB.framework",
				"${TARGET_BUILD_DIR}/${FRAMEWORKS_FOLDER_PATH}/GCDWebServer.framework",
			);
			runOnlyForDeploymentPostprocessing = 0;
			shellPath = /bin/sh;
			shellScript = "\"${PODS_ROOT}/Target Support Files/Pods-C64Emulator/Pods-C64Emulator-frameworks.sh\"\n";
			showEnvVarsInLog = 0;
		};
		C2DCA9CF106145161310F2D0 /* [CP] Check Pods Manifest.lock */ = {
			isa = PBXShellScriptBuildPhase;
			buildActionMask = 2147483647;
			files = (
			);
			inputPaths = (
				"${PODS_PODFILE_DIR_PATH}/Podfile.lock",
				"${PODS_ROOT}/Manifest.lock",
			);
			name = "[CP] Check Pods Manifest.lock";
			outputPaths = (
				"$(DERIVED_FILE_DIR)/Pods-C64Emulator-checkManifestLockResult.txt",
			);
			runOnlyForDeploymentPostprocessing = 0;
			shellPath = /bin/sh;
			shellScript = "diff \"${PODS_PODFILE_DIR_PATH}/Podfile.lock\" \"${PODS_ROOT}/Manifest.lock\" > /dev/null\nif [ $? != 0 ] ; then\n    # print error to STDERR\n    echo \"error: The sandbox is not in sync with the Podfile.lock. Run 'pod install' or update your CocoaPods installation.\" >&2\n    exit 1\nfi\n# This output is used by Xcode 'outputs' to avoid re-running this script phase.\necho \"SUCCESS\" > \"${SCRIPT_OUTPUT_FILE_0}\"\n";
			showEnvVarsInLog = 0;
		};
/* End PBXShellScriptBuildPhase section */

/* Begin PBXSourcesBuildPhase section */
		A14115A21D5B18F3007A1A55 /* Sources */ = {
			isa = PBXSourcesBuildPhase;
			buildActionMask = 2147483647;
			files = (
				A10D77E51E225493000C452F /* DiskManager.swift in Sources */,
				A1D2C95B1D5E5A8D00D36462 /* DiskCell.swift in Sources */,
				A14115F71D5B7D36007A1A55 /* JoystickView.swift in Sources */,
				A1D2C9591D5E343000D36462 /* DiskItemCell.swift in Sources */,
				A14116001D5B9C10007A1A55 /* DatabaseManager.swift in Sources */,
				A121EFBC1D5F4FB9006DA18F /* DiskImageViewController.swift in Sources */,
				A121EFB81D5F4F71006DA18F /* EmulatorSettingsViewController.swift in Sources */,
				A14115F31D5B36E2007A1A55 /* D64Image.m in Sources */,
				A14115EB1D5B294B007A1A55 /* DiskViewController.swift in Sources */,
				A14115F01D5B3513007A1A55 /* diskimage.c in Sources */,
				A14115ED1D5B2A66007A1A55 /* DiskContentsViewController.swift in Sources */,
				A14115F91D5B7D61007A1A55 /* FireButtonView.swift in Sources */,
				A10D77E31E224289000C452F /* StringExtensions.swift in Sources */,
				A14115F51D5B4270007A1A55 /* EmulatorViewController.swift in Sources */,
				A14115AA1D5B18F3007A1A55 /* AppDelegate.swift in Sources */,
				A121EFBA1D5F4FA0006DA18F /* C64ModelSettingsViewController.swift in Sources */,
				A14115FB1D5B7D89007A1A55 /* EmulatorBackgroundView.swift in Sources */,
				A1AD69491D5CE54B0042197C /* WebServer.swift in Sources */,
			);
			runOnlyForDeploymentPostprocessing = 0;
		};
/* End PBXSourcesBuildPhase section */

/* Begin PBXTargetDependency section */
		A14115CD1D5B1983007A1A55 /* PBXTargetDependency */ = {
			isa = PBXTargetDependency;
			name = libx64;
			targetProxy = A14115CC1D5B1983007A1A55 /* PBXContainerItemProxy */;
		};
/* End PBXTargetDependency section */

/* Begin PBXVariantGroup section */
		A14115AD1D5B18F3007A1A55 /* Main.storyboard */ = {
			isa = PBXVariantGroup;
			children = (
				A14115AE1D5B18F3007A1A55 /* Base */,
			);
			name = Main.storyboard;
			sourceTree = "<group>";
		};
		A14115B21D5B18F3007A1A55 /* LaunchScreen.storyboard */ = {
			isa = PBXVariantGroup;
			children = (
				A14115B31D5B18F3007A1A55 /* Base */,
			);
			name = LaunchScreen.storyboard;
			sourceTree = "<group>";
		};
/* End PBXVariantGroup section */

/* Begin XCBuildConfiguration section */
		A14115B61D5B18F3007A1A55 /* Debug */ = {
			isa = XCBuildConfiguration;
			buildSettings = {
				ALWAYS_SEARCH_USER_PATHS = NO;
				CLANG_ANALYZER_NONNULL = YES;
				CLANG_CXX_LANGUAGE_STANDARD = "gnu++0x";
				CLANG_CXX_LIBRARY = "libc++";
				CLANG_ENABLE_MODULES = YES;
				CLANG_ENABLE_OBJC_ARC = YES;
				CLANG_WARN_BLOCK_CAPTURE_AUTORELEASING = YES;
				CLANG_WARN_BOOL_CONVERSION = YES;
				CLANG_WARN_COMMA = YES;
				CLANG_WARN_CONSTANT_CONVERSION = YES;
				CLANG_WARN_DEPRECATED_OBJC_IMPLEMENTATIONS = YES;
				CLANG_WARN_DIRECT_OBJC_ISA_USAGE = YES_ERROR;
				CLANG_WARN_DOCUMENTATION_COMMENTS = YES;
				CLANG_WARN_EMPTY_BODY = YES;
				CLANG_WARN_ENUM_CONVERSION = YES;
				CLANG_WARN_INFINITE_RECURSION = YES;
				CLANG_WARN_INT_CONVERSION = YES;
				CLANG_WARN_NON_LITERAL_NULL_CONVERSION = YES;
				CLANG_WARN_OBJC_IMPLICIT_RETAIN_SELF = YES;
				CLANG_WARN_OBJC_LITERAL_CONVERSION = YES;
				CLANG_WARN_OBJC_ROOT_CLASS = YES_ERROR;
				CLANG_WARN_RANGE_LOOP_ANALYSIS = YES;
				CLANG_WARN_STRICT_PROTOTYPES = YES;
				CLANG_WARN_SUSPICIOUS_MOVE = YES;
				CLANG_WARN_SUSPICIOUS_MOVES = YES;
				CLANG_WARN_UNREACHABLE_CODE = YES;
				CLANG_WARN__DUPLICATE_METHOD_MATCH = YES;
				"CODE_SIGN_IDENTITY[sdk=iphoneos*]" = "iPhone Developer";
				COPY_PHASE_STRIP = NO;
				DEBUG_INFORMATION_FORMAT = dwarf;
				ENABLE_STRICT_OBJC_MSGSEND = YES;
				ENABLE_TESTABILITY = YES;
				GCC_C_LANGUAGE_STANDARD = gnu99;
				GCC_DYNAMIC_NO_PIC = NO;
				GCC_NO_COMMON_BLOCKS = YES;
				GCC_OPTIMIZATION_LEVEL = 0;
				GCC_PREPROCESSOR_DEFINITIONS = (
					"DEBUG=1",
					"$(inherited)",
				);
				GCC_WARN_64_TO_32_BIT_CONVERSION = YES;
				GCC_WARN_ABOUT_RETURN_TYPE = YES_ERROR;
				GCC_WARN_UNDECLARED_SELECTOR = YES;
				GCC_WARN_UNINITIALIZED_AUTOS = YES_AGGRESSIVE;
				GCC_WARN_UNUSED_FUNCTION = YES;
				GCC_WARN_UNUSED_VARIABLE = YES;
				IPHONEOS_DEPLOYMENT_TARGET = 10.0;
				MTL_ENABLE_DEBUG_INFO = YES;
				ONLY_ACTIVE_ARCH = YES;
				SDKROOT = iphoneos;
				SWIFT_ACTIVE_COMPILATION_CONDITIONS = DEBUG;
				SWIFT_OPTIMIZATION_LEVEL = "-Onone";
				TARGETED_DEVICE_FAMILY = "1,2";
			};
			name = Debug;
		};
		A14115B71D5B18F3007A1A55 /* Release */ = {
			isa = XCBuildConfiguration;
			buildSettings = {
				ALWAYS_SEARCH_USER_PATHS = NO;
				CLANG_ANALYZER_NONNULL = YES;
				CLANG_CXX_LANGUAGE_STANDARD = "gnu++0x";
				CLANG_CXX_LIBRARY = "libc++";
				CLANG_ENABLE_MODULES = YES;
				CLANG_ENABLE_OBJC_ARC = YES;
				CLANG_WARN_BLOCK_CAPTURE_AUTORELEASING = YES;
				CLANG_WARN_BOOL_CONVERSION = YES;
				CLANG_WARN_COMMA = YES;
				CLANG_WARN_CONSTANT_CONVERSION = YES;
				CLANG_WARN_DEPRECATED_OBJC_IMPLEMENTATIONS = YES;
				CLANG_WARN_DIRECT_OBJC_ISA_USAGE = YES_ERROR;
				CLANG_WARN_DOCUMENTATION_COMMENTS = YES;
				CLANG_WARN_EMPTY_BODY = YES;
				CLANG_WARN_ENUM_CONVERSION = YES;
				CLANG_WARN_INFINITE_RECURSION = YES;
				CLANG_WARN_INT_CONVERSION = YES;
				CLANG_WARN_NON_LITERAL_NULL_CONVERSION = YES;
				CLANG_WARN_OBJC_IMPLICIT_RETAIN_SELF = YES;
				CLANG_WARN_OBJC_LITERAL_CONVERSION = YES;
				CLANG_WARN_OBJC_ROOT_CLASS = YES_ERROR;
				CLANG_WARN_RANGE_LOOP_ANALYSIS = YES;
				CLANG_WARN_STRICT_PROTOTYPES = YES;
				CLANG_WARN_SUSPICIOUS_MOVE = YES;
				CLANG_WARN_SUSPICIOUS_MOVES = YES;
				CLANG_WARN_UNREACHABLE_CODE = YES;
				CLANG_WARN__DUPLICATE_METHOD_MATCH = YES;
				"CODE_SIGN_IDENTITY[sdk=iphoneos*]" = "iPhone Developer";
				COPY_PHASE_STRIP = NO;
				DEBUG_INFORMATION_FORMAT = "dwarf-with-dsym";
				ENABLE_NS_ASSERTIONS = NO;
				ENABLE_STRICT_OBJC_MSGSEND = YES;
				GCC_C_LANGUAGE_STANDARD = gnu99;
				GCC_NO_COMMON_BLOCKS = YES;
				GCC_WARN_64_TO_32_BIT_CONVERSION = YES;
				GCC_WARN_ABOUT_RETURN_TYPE = YES_ERROR;
				GCC_WARN_UNDECLARED_SELECTOR = YES;
				GCC_WARN_UNINITIALIZED_AUTOS = YES_AGGRESSIVE;
				GCC_WARN_UNUSED_FUNCTION = YES;
				GCC_WARN_UNUSED_VARIABLE = YES;
				IPHONEOS_DEPLOYMENT_TARGET = 10.0;
				MTL_ENABLE_DEBUG_INFO = NO;
				SDKROOT = iphoneos;
				SWIFT_OPTIMIZATION_LEVEL = "-Owholemodule";
				TARGETED_DEVICE_FAMILY = "1,2";
				VALIDATE_PRODUCT = YES;
			};
			name = Release;
		};
		A14115B91D5B18F3007A1A55 /* Debug */ = {
			isa = XCBuildConfiguration;
			baseConfigurationReference = 4EFEF8A9CFB95DB90A8D7C4C /* Pods-C64Emulator.debug.xcconfig */;
			buildSettings = {
				ALWAYS_SEARCH_USER_PATHS = YES;
				ASSETCATALOG_COMPILER_APPICON_NAME = AppIcon;
				CLANG_CXX_LANGUAGE_STANDARD = "compiler-default";
				CLANG_CXX_LIBRARY = "compiler-default";
				CLANG_ENABLE_MODULES = YES;
				"CODE_SIGN_IDENTITY[sdk=iphoneos*]" = "iPhone Developer";
				DEVELOPMENT_TEAM = A4ZM73UFF5;
				GCC_SYMBOLS_PRIVATE_EXTERN = NO;
				INFOPLIST_FILE = C64Emulator/Info.plist;
				IPHONEOS_DEPLOYMENT_TARGET = 13.4;
				LD_RUNPATH_SEARCH_PATHS = "$(inherited) @executable_path/Frameworks";
				OTHER_LDFLAGS = (
					"$(inherited)",
					"-framework",
					"\"FMDB\"",
					"-framework",
					"\"GCDWebServer\"",
					"-ObjC",
				);
				PRODUCT_BUNDLE_IDENTIFIER = com.andyqua.c64;
				PRODUCT_NAME = "$(TARGET_NAME)";
				SWIFT_OBJC_BRIDGING_HEADER = "C64Emulator/C64Emulator-Bridging-Header.h";
				SWIFT_OPTIMIZATION_LEVEL = "-Onone";
				SWIFT_VERSION = 5.0;
				USER_HEADER_SEARCH_PATHS = "C64Emulator/libx64/vice/src C64Emulator/libx64/vice/src/c64 C64Emulator/libx64/vice/src/sid C64Emulator/libx64/vice/src/vicii C64Emulator/libx64/vice/src/arch/unix/ios/cocoa_touch C64Emulator/libx64/vice/src/arch/unix/ios C64Emulator/libx64/vice/src/arch/unix C64Emulator/libx64/vice/src/c64/cart C64Emulator/libx64/vice/src/drive C64Emulator/libx64/vice/src/c64exp C64Emulator/libx64/vice/src/video C64Emulator/libx64/vice/src/userport C64Emulator/libx64/vice/src/tape C64Emulator/libx64/vice/src/raster C64Emulator/libx64/vice/src/viciisc";
			};
			name = Debug;
		};
		A14115BA1D5B18F3007A1A55 /* Release */ = {
			isa = XCBuildConfiguration;
			baseConfigurationReference = D1F36C11F930EDE8A304F554 /* Pods-C64Emulator.release.xcconfig */;
			buildSettings = {
				ALWAYS_SEARCH_USER_PATHS = YES;
				ASSETCATALOG_COMPILER_APPICON_NAME = AppIcon;
				CLANG_CXX_LANGUAGE_STANDARD = "compiler-default";
				CLANG_CXX_LIBRARY = "compiler-default";
				CLANG_ENABLE_MODULES = YES;
				"CODE_SIGN_IDENTITY[sdk=iphoneos*]" = "iPhone Developer";
				DEVELOPMENT_TEAM = A4ZM73UFF5;
				INFOPLIST_FILE = C64Emulator/Info.plist;
				IPHONEOS_DEPLOYMENT_TARGET = 13.4;
				LD_RUNPATH_SEARCH_PATHS = "$(inherited) @executable_path/Frameworks";
				OTHER_LDFLAGS = (
					"$(inherited)",
					"-framework",
					"\"FMDB\"",
					"-framework",
					"\"GCDWebServer\"",
					"-ObjC",
				);
				PRODUCT_BUNDLE_IDENTIFIER = com.andyqua.c64;
				PRODUCT_NAME = "$(TARGET_NAME)";
				SWIFT_OBJC_BRIDGING_HEADER = "C64Emulator/C64Emulator-Bridging-Header.h";
				SWIFT_VERSION = 5.0;
				USER_HEADER_SEARCH_PATHS = "C64Emulator/libx64/vice/src C64Emulator/libx64/vice/src/c64 C64Emulator/libx64/vice/src/sid C64Emulator/libx64/vice/src/vicii C64Emulator/libx64/vice/src/arch/unix/ios/cocoa_touch C64Emulator/libx64/vice/src/arch/unix/ios C64Emulator/libx64/vice/src/arch/unix C64Emulator/libx64/vice/src/c64/cart C64Emulator/libx64/vice/src/drive C64Emulator/libx64/vice/src/c64exp C64Emulator/libx64/vice/src/video C64Emulator/libx64/vice/src/userport C64Emulator/libx64/vice/src/tape C64Emulator/libx64/vice/src/raster C64Emulator/libx64/vice/src/viciisc";
			};
			name = Release;
		};
/* End XCBuildConfiguration section */

/* Begin XCConfigurationList section */
		A14115A11D5B18F3007A1A55 /* Build configuration list for PBXProject "C64Emulator" */ = {
			isa = XCConfigurationList;
			buildConfigurations = (
				A14115B61D5B18F3007A1A55 /* Debug */,
				A14115B71D5B18F3007A1A55 /* Release */,
			);
			defaultConfigurationIsVisible = 0;
			defaultConfigurationName = Release;
		};
		A14115B81D5B18F3007A1A55 /* Build configuration list for PBXNativeTarget "C64Emulator" */ = {
			isa = XCConfigurationList;
			buildConfigurations = (
				A14115B91D5B18F3007A1A55 /* Debug */,
				A14115BA1D5B18F3007A1A55 /* Release */,
			);
			defaultConfigurationIsVisible = 0;
			defaultConfigurationName = Release;
		};
/* End XCConfigurationList section */
	};
	rootObject = A141159E1D5B18F3007A1A55 /* Project object */;
}
