PODS:
  - FMDB (2.7.5):
    - FMDB/standard (= 2.7.5)
  - FMDB/standard (2.7.5)
  - GCDWebServer/Core (3.5.4)
  - GCDWebServer/WebUploader (3.5.4):
    - GCDWebServer/Core

DEPENDENCIES:
  - FMDB
  - GCDWebServer/WebUploader

SPEC REPOS:
  trunk:
    - FMDB
    - GCDWebServer

SPEC CHECKSUMS:
  FMDB: 2ce00b547f966261cd18927a3ddb07cb6f3db82a
  GCDWebServer: 2c156a56c8226e2d5c0c3f208a3621ccffbe3ce4

PODFILE CHECKSUM: dd3af32f95bb421c57f629d50cd26d570ffddcac

COCOAPODS: 1.9.1
